// !$*UTF8*$!
{
	archiveVersion = 1;
	classes = {
	};
	objectVersion = 56;
	objects = {

/* Begin PBXBuildFile section */
		6B61F6B62857B280005E9EDA /* SwiftUIAnyLayoutApp.swift in Sources */ = {isa = PBXBuildFile; fileRef = 6B61F6B52857B280005E9EDA /* SwiftUIAnyLayoutApp.swift */; };
		6B61F6B82857B280005E9EDA /* ContentView.swift in Sources */ = {isa = PBXBuildFile; fileRef = 6B61F6B72857B280005E9EDA /* ContentView.swift */; };
		6B61F6BA2857B281005E9EDA /* Assets.xcassets in Resources */ = {isa = PBXBuildFile; fileRef = 6B61F6B92857B281005E9EDA /* Assets.xcassets */; };
		6B61F6BE2857B281005E9EDA /* Preview Assets.xcassets in Resources */ = {isa = PBXBuildFile; fileRef = 6B61F6BD2857B281005E9EDA /* Preview Assets.xcassets */; };
		6B61F6C82857B282005E9EDA /* SwiftUIAnyLayoutTests.swift in Sources */ = {isa = PBXBuildFile; fileRef = 6B61F6C72857B282005E9EDA /* SwiftUIAnyLayoutTests.swift */; };
		6B61F6D22857B282005E9EDA /* SwiftUIAnyLayoutUITests.swift in Sources */ = {isa = PBXBuildFile; fileRef = 6B61F6D12857B282005E9EDA /* SwiftUIAnyLayoutUITests.swift */; };
		6B61F6D42857B282005E9EDA /* SwiftUIAnyLayoutUITestsLaunchTests.swift in Sources */ = {isa = PBXBuildFile; fileRef = 6B61F6D32857B282005E9EDA /* SwiftUIAnyLayoutUITestsLaunchTests.swift */; };
/* End PBXBuildFile section */

/* Begin PBXContainerItemProxy section */
		6B61F6C42857B282005E9EDA /* PBXContainerItemProxy */ = {
			isa = PBXContainerItemProxy;
			containerPortal = 6B61F6AA2857B280005E9EDA /* Project object */;
			proxyType = 1;
			remoteGlobalIDString = 6B61F6B12857B280005E9EDA;
			remoteInfo = SwiftUIAnyLayout;
		};
		6B61F6CE2857B282005E9EDA /* PBXContainerItemProxy */ = {
			isa = PBXContainerItemProxy;
			containerPortal = 6B61F6AA2857B280005E9EDA /* Project object */;
			proxyType = 1;
			remoteGlobalIDString = 6B61F6B12857B280005E9EDA;
			remoteInfo = SwiftUIAnyLayout;
		};
/* End PBXContainerItemProxy section */

/* Begin PBXFileReference section */
		6B61F6B22857B280005E9EDA /* SwiftUIAnyLayout.app */ = {isa = PBXFileReference; explicitFileType = wrapper.application; includeInIndex = 0; path = SwiftUIAnyLayout.app; sourceTree = BUILT_PRODUCTS_DIR; };
		6B61F6B52857B280005E9EDA /* SwiftUIAnyLayoutApp.swift */ = {isa = PBXFileReference; lastKnownFileType = sourcecode.swift; path = SwiftUIAnyLayoutApp.swift; sourceTree = "<group>"; };
		6B61F6B72857B280005E9EDA /* ContentView.swift */ = {isa = PBXFileReference; lastKnownFileType = sourcecode.swift; path = ContentView.swift; sourceTree = "<group>"; };
		6B61F6B92857B281005E9EDA /* Assets.xcassets */ = {isa = PBXFileReference; lastKnownFileType = folder.assetcatalog; path = Assets.xcassets; sourceTree = "<group>"; };
		6B61F6BB2857B281005E9EDA /* SwiftUIAnyLayout.entitlements */ = {isa = PBXFileReference; lastKnownFileType = text.plist.entitlements; path = SwiftUIAnyLayout.entitlements; sourceTree = "<group>"; };
		6B61F6BD2857B281005E9EDA /* Preview Assets.xcassets */ = {isa = PBXFileReference; lastKnownFileType = folder.assetcatalog; path = "Preview Assets.xcassets"; sourceTree = "<group>"; };
		6B61F6C32857B282005E9EDA /* SwiftUIAnyLayoutTests.xctest */ = {isa = PBXFileReference; explicitFileType = wrapper.cfbundle; includeInIndex = 0; path = SwiftUIAnyLayoutTests.xctest; sourceTree = BUILT_PRODUCTS_DIR; };
		6B61F6C72857B282005E9EDA /* SwiftUIAnyLayoutTests.swift */ = {isa = PBXFileReference; lastKnownFileType = sourcecode.swift; path = SwiftUIAnyLayoutTests.swift; sourceTree = "<group>"; };
		6B61F6CD2857B282005E9EDA /* SwiftUIAnyLayoutUITests.xctest */ = {isa = PBXFileReference; explicitFileType = wrapper.cfbundle; includeInIndex = 0; path = SwiftUIAnyLayoutUITests.xctest; sourceTree = BUILT_PRODUCTS_DIR; };
		6B61F6D12857B282005E9EDA /* SwiftUIAnyLayoutUITests.swift */ = {isa = PBXFileReference; lastKnownFileType = sourcecode.swift; path = SwiftUIAnyLayoutUITests.swift; sourceTree = "<group>"; };
		6B61F6D32857B282005E9EDA /* SwiftUIAnyLayoutUITestsLaunchTests.swift */ = {isa = PBXFileReference; lastKnownFileType = sourcecode.swift; path = SwiftUIAnyLayoutUITestsLaunchTests.swift; sourceTree = "<group>"; };
/* End PBXFileReference section */

/* Begin PBXFrameworksBuildPhase section */
		6B61F6AF2857B280005E9EDA /* Frameworks */ = {
			isa = PBXFrameworksBuildPhase;
			buildActionMask = 2147483647;
			files = (
			);
			runOnlyForDeploymentPostprocessing = 0;
		};
		6B61F6C02857B282005E9EDA /* Frameworks */ = {
			isa = PBXFrameworksBuildPhase;
			buildActionMask = 2147483647;
			files = (
			);
			runOnlyForDeploymentPostprocessing = 0;
		};
		6B61F6CA2857B282005E9EDA /* Frameworks */ = {
			isa = PBXFrameworksBuildPhase;
			buildActionMask = 2147483647;
			files = (
			);
			runOnlyForDeploymentPostprocessing = 0;
		};
/* End PBXFrameworksBuildPhase section */

/* Begin PBXGroup section */
		6B61F6A92857B280005E9EDA = {
			isa = PBXGroup;
			children = (
				6B61F6B42857B280005E9EDA /* SwiftUIAnyLayout */,
				6B61F6C62857B282005E9EDA /* SwiftUIAnyLayoutTests */,
				6B61F6D02857B282005E9EDA /* SwiftUIAnyLayoutUITests */,
				6B61F6B32857B280005E9EDA /* Products */,
			);
			sourceTree = "<group>";
		};
		6B61F6B32857B280005E9EDA /* Products */ = {
			isa = PBXGroup;
			children = (
				6B61F6B22857B280005E9EDA /* SwiftUIAnyLayout.app */,
				6B61F6C32857B282005E9EDA /* SwiftUIAnyLayoutTests.xctest */,
				6B61F6CD2857B282005E9EDA /* SwiftUIAnyLayoutUITests.xctest */,
			);
			name = Products;
			sourceTree = "<group>";
		};
		6B61F6B42857B280005E9EDA /* SwiftUIAnyLayout */ = {
			isa = PBXGroup;
			children = (
				6B61F6B52857B280005E9EDA /* SwiftUIAnyLayoutApp.swift */,
				6B61F6B72857B280005E9EDA /* ContentView.swift */,
				6B61F6B92857B281005E9EDA /* Assets.xcassets */,
				6B61F6BB2857B281005E9EDA /* SwiftUIAnyLayout.entitlements */,
				6B61F6BC2857B281005E9EDA /* Preview Content */,
			);
			path = SwiftUIAnyLayout;
			sourceTree = "<group>";
		};
		6B61F6BC2857B281005E9EDA /* Preview Content */ = {
			isa = PBXGroup;
			children = (
				6B61F6BD2857B281005E9EDA /* Preview Assets.xcassets */,
			);
			path = "Preview Content";
			sourceTree = "<group>";
		};
		6B61F6C62857B282005E9EDA /* SwiftUIAnyLayoutTests */ = {
			isa = PBXGroup;
			children = (
				6B61F6C72857B282005E9EDA /* SwiftUIAnyLayoutTests.swift */,
			);
			path = SwiftUIAnyLayoutTests;
			sourceTree = "<group>";
		};
		6B61F6D02857B282005E9EDA /* SwiftUIAnyLayoutUITests */ = {
			isa = PBXGroup;
			children = (
				6B61F6D12857B282005E9EDA /* SwiftUIAnyLayoutUITests.swift */,
				6B61F6D32857B282005E9EDA /* SwiftUIAnyLayoutUITestsLaunchTests.swift */,
			);
			path = SwiftUIAnyLayoutUITests;
			sourceTree = "<group>";
		};
/* End PBXGroup section */

/* Begin PBXNativeTarget section */
		6B61F6B12857B280005E9EDA /* SwiftUIAnyLayout */ = {
			isa = PBXNativeTarget;
			buildConfigurationList = 6B61F6D72857B282005E9EDA /* Build configuration list for PBXNativeTarget "SwiftUIAnyLayout" */;
			buildPhases = (
				6B61F6AE2857B280005E9EDA /* Sources */,
				6B61F6AF2857B280005E9EDA /* Frameworks */,
				6B61F6B02857B280005E9EDA /* Resources */,
			);
			buildRules = (
			);
			dependencies = (
			);
			name = SwiftUIAnyLayout;
			productName = SwiftUIAnyLayout;
			productReference = 6B61F6B22857B280005E9EDA /* SwiftUIAnyLayout.app */;
			productType = "com.apple.product-type.application";
		};
		6B61F6C22857B282005E9EDA /* SwiftUIAnyLayoutTests */ = {
			isa = PBXNativeTarget;
			buildConfigurationList = 6B61F6DA2857B282005E9EDA /* Build configuration list for PBXNativeTarget "SwiftUIAnyLayoutTests" */;
			buildPhases = (
				6B61F6BF2857B282005E9EDA /* Sources */,
				6B61F6C02857B282005E9EDA /* Frameworks */,
				6B61F6C12857B282005E9EDA /* Resources */,
			);
			buildRules = (
			);
			dependencies = (
				6B61F6C52857B282005E9EDA /* PBXTargetDependency */,
			);
			name = SwiftUIAnyLayoutTests;
			productName = SwiftUIAnyLayoutTests;
			productReference = 6B61F6C32857B282005E9EDA /* SwiftUIAnyLayoutTests.xctest */;
			productType = "com.apple.product-type.bundle.unit-test";
		};
		6B61F6CC2857B282005E9EDA /* SwiftUIAnyLayoutUITests */ = {
			isa = PBXNativeTarget;
			buildConfigurationList = 6B61F6DD2857B282005E9EDA /* Build configuration list for PBXNativeTarget "SwiftUIAnyLayoutUITests" */;
			buildPhases = (
				6B61F6C92857B282005E9EDA /* Sources */,
				6B61F6CA2857B282005E9EDA /* Frameworks */,
				6B61F6CB2857B282005E9EDA /* Resources */,
			);
			buildRules = (
			);
			dependencies = (
				6B61F6CF2857B282005E9EDA /* PBXTargetDependency */,
			);
			name = SwiftUIAnyLayoutUITests;
			productName = SwiftUIAnyLayoutUITests;
			productReference = 6B61F6CD2857B282005E9EDA /* SwiftUIAnyLayoutUITests.xctest */;
			productType = "com.apple.product-type.bundle.ui-testing";
		};
/* End PBXNativeTarget section */

/* Begin PBXProject section */
		6B61F6AA2857B280005E9EDA /* Project object */ = {
			isa = PBXProject;
			attributes = {
				BuildIndependentTargetsInParallel = 1;
				LastSwiftUpdateCheck = 1400;
				LastUpgradeCheck = 1400;
				TargetAttributes = {
					6B61F6B12857B280005E9EDA = {
						CreatedOnToolsVersion = 14.0;
					};
					6B61F6C22857B282005E9EDA = {
						CreatedOnToolsVersion = 14.0;
						TestTargetID = 6B61F6B12857B280005E9EDA;
					};
					6B61F6CC2857B282005E9EDA = {
						CreatedOnToolsVersion = 14.0;
						TestTargetID = 6B61F6B12857B280005E9EDA;
					};
				};
			};
			buildConfigurationList = 6B61F6AD2857B280005E9EDA /* Build configuration list for PBXProject "SwiftUIAnyLayout" */;
			compatibilityVersion = "Xcode 14.0";
			developmentRegion = en;
			hasScannedForEncodings = 0;
			knownRegions = (
				en,
				Base,
			);
			mainGroup = 6B61F6A92857B280005E9EDA;
			productRefGroup = 6B61F6B32857B280005E9EDA /* Products */;
			projectDirPath = "";
			projectRoot = "";
			targets = (
				6B61F6B12857B280005E9EDA /* SwiftUIAnyLayout */,
				6B61F6C22857B282005E9EDA /* SwiftUIAnyLayoutTests */,
				6B61F6CC2857B282005E9EDA /* SwiftUIAnyLayoutUITests */,
			);
		};
/* End PBXProject section */

/* Begin PBXResourcesBuildPhase section */
		6B61F6B02857B280005E9EDA /* Resources */ = {
			isa = PBXResourcesBuildPhase;
			buildActionMask = 2147483647;
			files = (
				6B61F6BE2857B281005E9EDA /* Preview Assets.xcassets in Resources */,
				6B61F6BA2857B281005E9EDA /* Assets.xcassets in Resources */,
			);
			runOnlyForDeploymentPostprocessing = 0;
		};
		6B61F6C12857B282005E9EDA /* Resources */ = {
			isa = PBXResourcesBuildPhase;
			buildActionMask = 2147483647;
			files = (
			);
			runOnlyForDeploymentPostprocessing = 0;
		};
		6B61F6CB2857B282005E9EDA /* Resources */ = {
			isa = PBXResourcesBuildPhase;
			buildActionMask = 2147483647;
			files = (
			);
			runOnlyForDeploymentPostprocessing = 0;
		};
/* End PBXResourcesBuildPhase section */

/* Begin PBXSourcesBuildPhase section */
		6B61F6AE2857B280005E9EDA /* Sources */ = {
			isa = PBXSourcesBuildPhase;
			buildActionMask = 2147483647;
			files = (
				6B61F6B82857B280005E9EDA /* ContentView.swift in Sources */,
				6B61F6B62857B280005E9EDA /* SwiftUIAnyLayoutApp.swift in Sources */,
			);
			runOnlyForDeploymentPostprocessing = 0;
		};
		6B61F6BF2857B282005E9EDA /* Sources */ = {
			isa = PBXSourcesBuildPhase;
			buildActionMask = 2147483647;
			files = (
				6B61F6C82857B282005E9EDA /* SwiftUIAnyLayoutTests.swift in Sources */,
			);
			runOnlyForDeploymentPostprocessing = 0;
		};
		6B61F6C92857B282005E9EDA /* Sources */ = {
			isa = PBXSourcesBuildPhase;
			buildActionMask = 2147483647;
			files = (
				6B61F6D22857B282005E9EDA /* SwiftUIAnyLayoutUITests.swift in Sources */,
				6B61F6D42857B282005E9EDA /* SwiftUIAnyLayoutUITestsLaunchTests.swift in Sources */,
			);
			runOnlyForDeploymentPostprocessing = 0;
		};
/* End PBXSourcesBuildPhase section */

/* Begin PBXTargetDependency section */
		6B61F6C52857B282005E9EDA /* PBXTargetDependency */ = {
			isa = PBXTargetDependency;
			target = 6B61F6B12857B280005E9EDA /* SwiftUIAnyLayout */;
			targetProxy = 6B61F6C42857B282005E9EDA /* PBXContainerItemProxy */;
		};
		6B61F6CF2857B282005E9EDA /* PBXTargetDependency */ = {
			isa = PBXTargetDependency;
			target = 6B61F6B12857B280005E9EDA /* SwiftUIAnyLayout */;
			targetProxy = 6B61F6CE2857B282005E9EDA /* PBXContainerItemProxy */;
		};
/* End PBXTargetDependency section */

/* Begin XCBuildConfiguration section */
		6B61F6D52857B282005E9EDA /* Debug */ = {
			isa = XCBuildConfiguration;
			buildSettings = {
				ALWAYS_SEARCH_USER_PATHS = NO;
				CLANG_ANALYZER_NONNULL = YES;
				CLANG_ANALYZER_NUMBER_OBJECT_CONVERSION = YES_AGGRESSIVE;
				CLANG_CXX_LANGUAGE_STANDARD = "gnu++17";
				CLANG_ENABLE_MODULES = YES;
				CLANG_ENABLE_OBJC_ARC = YES;
				CLANG_ENABLE_OBJC_WEAK = YES;
				CLANG_WARN_BLOCK_CAPTURE_AUTORELEASING = YES;
				CLANG_WARN_BOOL_CONVERSION = YES;
				CLANG_WARN_COMMA = YES;
				CLANG_WARN_CONSTANT_CONVERSION = YES;
				CLANG_WARN_DEPRECATED_OBJC_IMPLEMENTATIONS = YES;
				CLANG_WARN_DIRECT_OBJC_ISA_USAGE = YES_ERROR;
				CLANG_WARN_DOCUMENTATION_COMMENTS = YES;
				CLANG_WARN_EMPTY_BODY = YES;
				CLANG_WARN_ENUM_CONVERSION = YES;
				CLANG_WARN_INFINITE_RECURSION = YES;
				CLANG_WARN_INT_CONVERSION = YES;
				CLANG_WARN_NON_LITERAL_NULL_CONVERSION = YES;
				CLANG_WARN_OBJC_IMPLICIT_RETAIN_SELF = YES;
				CLANG_WARN_OBJC_LITERAL_CONVERSION = YES;
				CLANG_WARN_OBJC_ROOT_CLASS = YES_ERROR;
				CLANG_WARN_QUOTED_INCLUDE_IN_FRAMEWORK_HEADER = YES;
				CLANG_WARN_RANGE_LOOP_ANALYSIS = YES;
				CLANG_WARN_STRICT_PROTOTYPES = YES;
				CLANG_WARN_SUSPICIOUS_MOVE = YES;
				CLANG_WARN_UNGUARDED_AVAILABILITY = YES_AGGRESSIVE;
				CLANG_WARN_UNREACHABLE_CODE = YES;
				CLANG_WARN__DUPLICATE_METHOD_MATCH = YES;
				COPY_PHASE_STRIP = NO;
				DEBUG_INFORMATION_FORMAT = dwarf;
				ENABLE_STRICT_OBJC_MSGSEND = YES;
				ENABLE_TESTABILITY = YES;
				GCC_C_LANGUAGE_STANDARD = gnu11;
				GCC_DYNAMIC_NO_PIC = NO;
				GCC_NO_COMMON_BLOCKS = YES;
				GCC_OPTIMIZATION_LEVEL = 0;
				GCC_PREPROCESSOR_DEFINITIONS = (
					"DEBUG=1",
					"$(inherited)",
				);
				GCC_WARN_64_TO_32_BIT_CONVERSION = YES;
				GCC_WARN_ABOUT_RETURN_TYPE = YES_ERROR;
				GCC_WARN_UNDECLARED_SELECTOR = YES;
				GCC_WARN_UNINITIALIZED_AUTOS = YES_AGGRESSIVE;
				GCC_WARN_UNUSED_FUNCTION = YES;
				GCC_WARN_UNUSED_VARIABLE = YES;
				MTL_ENABLE_DEBUG_INFO = INCLUDE_SOURCE;
				MTL_FAST_MATH = YES;
				ONLY_ACTIVE_ARCH = YES;
				SWIFT_ACTIVE_COMPILATION_CONDITIONS = DEBUG;
				SWIFT_OPTIMIZATION_LEVEL = "-Onone";
			};
			name = Debug;
		};
		6B61F6D62857B282005E9EDA /* Release */ = {
			isa = XCBuildConfiguration;
			buildSettings = {
				ALWAYS_SEARCH_USER_PATHS = NO;
				CLANG_ANALYZER_NONNULL = YES;
				CLANG_ANALYZER_NUMBER_OBJECT_CONVERSION = YES_AGGRESSIVE;
				CLANG_CXX_LANGUAGE_STANDARD = "gnu++17";
				CLANG_ENABLE_MODULES = YES;
				CLANG_ENABLE_OBJC_ARC = YES;
				CLANG_ENABLE_OBJC_WEAK = YES;
				CLANG_WARN_BLOCK_CAPTURE_AUTORELEASING = YES;
				CLANG_WARN_BOOL_CONVERSION = YES;
				CLANG_WARN_COMMA = YES;
				CLANG_WARN_CONSTANT_CONVERSION = YES;
				CLANG_WARN_DEPRECATED_OBJC_IMPLEMENTATIONS = YES;
				CLANG_WARN_DIRECT_OBJC_ISA_USAGE = YES_ERROR;
				CLANG_WARN_DOCUMENTATION_COMMENTS = YES;
				CLANG_WARN_EMPTY_BODY = YES;
				CLANG_WARN_ENUM_CONVERSION = YES;
				CLANG_WARN_INFINITE_RECURSION = YES;
				CLANG_WARN_INT_CONVERSION = YES;
				CLANG_WARN_NON_LITERAL_NULL_CONVERSION = YES;
				CLANG_WARN_OBJC_IMPLICIT_RETAIN_SELF = YES;
				CLANG_WARN_OBJC_LITERAL_CONVERSION = YES;
				CLANG_WARN_OBJC_ROOT_CLASS = YES_ERROR;
				CLANG_WARN_QUOTED_INCLUDE_IN_FRAMEWORK_HEADER = YES;
				CLANG_WARN_RANGE_LOOP_ANALYSIS = YES;
				CLANG_WARN_STRICT_PROTOTYPES = YES;
				CLANG_WARN_SUSPICIOUS_MOVE = YES;
				CLANG_WARN_UNGUARDED_AVAILABILITY = YES_AGGRESSIVE;
				CLANG_WARN_UNREACHABLE_CODE = YES;
				CLANG_WARN__DUPLICATE_METHOD_MATCH = YES;
				COPY_PHASE_STRIP = NO;
				DEBUG_INFORMATION_FORMAT = "dwarf-with-dsym";
				ENABLE_NS_ASSERTIONS = NO;
				ENABLE_STRICT_OBJC_MSGSEND = YES;
				GCC_C_LANGUAGE_STANDARD = gnu11;
				GCC_NO_COMMON_BLOCKS = YES;
				GCC_WARN_64_TO_32_BIT_CONVERSION = YES;
				GCC_WARN_ABOUT_RETURN_TYPE = YES_ERROR;
				GCC_WARN_UNDECLARED_SELECTOR = YES;
				GCC_WARN_UNINITIALIZED_AUTOS = YES_AGGRESSIVE;
				GCC_WARN_UNUSED_FUNCTION = YES;
				GCC_WARN_UNUSED_VARIABLE = YES;
				MTL_ENABLE_DEBUG_INFO = NO;
				MTL_FAST_MATH = YES;
				SWIFT_COMPILATION_MODE = wholemodule;
				SWIFT_OPTIMIZATION_LEVEL = "-O";
			};
			name = Release;
		};
		6B61F6D82857B282005E9EDA /* Debug */ = {
			isa = XCBuildConfiguration;
			buildSettings = {
				ASSETCATALOG_COMPILER_APPICON_NAME = AppIcon;
				ASSETCATALOG_COMPILER_GLOBAL_ACCENT_COLOR_NAME = AccentColor;
				CODE_SIGN_ENTITLEMENTS = SwiftUIAnyLayout/SwiftUIAnyLayout.entitlements;
				CODE_SIGN_STYLE = Automatic;
				CURRENT_PROJECT_VERSION = 1;
				DEVELOPMENT_ASSET_PATHS = "\"SwiftUIAnyLayout/Preview Content\"";
				DEVELOPMENT_TEAM = Y3LJXLJ9JS;
				ENABLE_HARDENED_RUNTIME = YES;
				ENABLE_PREVIEWS = YES;
				GENERATE_INFOPLIST_FILE = YES;
				"INFOPLIST_KEY_UILaunchScreen_Generation[sdk=iphoneos*]" = YES;
				"INFOPLIST_KEY_UILaunchScreen_Generation[sdk=iphonesimulator*]" = YES;
				INFOPLIST_KEY_UISupportedInterfaceOrientations_iPad = "UIInterfaceOrientationPortrait UIInterfaceOrientationPortraitUpsideDown UIInterfaceOrientationLandscapeLeft UIInterfaceOrientationLandscapeRight";
				INFOPLIST_KEY_UISupportedInterfaceOrientations_iPhone = "UIInterfaceOrientationPortrait UIInterfaceOrientationLandscapeLeft UIInterfaceOrientationLandscapeRight";
				IPHONEOS_DEPLOYMENT_TARGET = 16.0;
				LD_RUNPATH_SEARCH_PATHS = "@executable_path/Frameworks";
				"LD_RUNPATH_SEARCH_PATHS[sdk=macosx*]" = "@executable_path/../Frameworks";
				MACOSX_DEPLOYMENT_TARGET = 13.0;
				MARKETING_VERSION = 1.0;
				PRODUCT_BUNDLE_IDENTIFIER = com.positronicman.SwiftUIAnyLayout;
				PRODUCT_NAME = "$(TARGET_NAME)";
				SDKROOT = auto;
				SUPPORTED_PLATFORMS = "iphoneos iphonesimulator macosx";
				SWIFT_EMIT_LOC_STRINGS = YES;
				SWIFT_VERSION = 5.0;
				TARGETED_DEVICE_FAMILY = "1,2";
			};
			name = Debug;
		};
		6B61F6D92857B282005E9EDA /* Release */ = {
			isa = XCBuildConfiguration;
			buildSettings = {
				ASSETCATALOG_COMPILER_APPICON_NAME = AppIcon;
				ASSETCATALOG_COMPILER_GLOBAL_ACCENT_COLOR_NAME = AccentColor;
				CODE_SIGN_ENTITLEMENTS = SwiftUIAnyLayout/SwiftUIAnyLayout.entitlements;
				CODE_SIGN_STYLE = Automatic;
				CURRENT_PROJECT_VERSION = 1;
				DEVELOPMENT_ASSET_PATHS = "\"SwiftUIAnyLayout/Preview Content\"";
				DEVELOPMENT_TEAM = Y3LJXLJ9JS;
				ENABLE_HARDENED_RUNTIME = YES;
				ENABLE_PREVIEWS = YES;
				GENERATE_INFOPLIST_FILE = YES;
				"INFOPLIST_KEY_UILaunchScreen_Generation[sdk=iphoneos*]" = YES;
				"INFOPLIST_KEY_UILaunchScreen_Generation[sdk=iphonesimulator*]" = YES;
				INFOPLIST_KEY_UISupportedInterfaceOrientations_iPad = "UIInterfaceOrientationPortrait UIInterfaceOrientationPortraitUpsideDown UIInterfaceOrientationLandscapeLeft UIInterfaceOrientationLandscapeRight";
				INFOPLIST_KEY_UISupportedInterfaceOrientations_iPhone = "UIInterfaceOrientationPortrait UIInterfaceOrientationLandscapeLeft UIInterfaceOrientationLandscapeRight";
				IPHONEOS_DEPLOYMENT_TARGET = 16.0;
				LD_RUNPATH_SEARCH_PATHS = "@executable_path/Frameworks";
				"LD_RUNPATH_SEARCH_PATHS[sdk=macosx*]" = "@executable_path/../Frameworks";
				MACOSX_DEPLOYMENT_TARGET = 13.0;
				MARKETING_VERSION = 1.0;
				PRODUCT_BUNDLE_IDENTIFIER = com.positronicman.SwiftUIAnyLayout;
				PRODUCT_NAME = "$(TARGET_NAME)";
				SDKROOT = auto;
				SUPPORTED_PLATFORMS = "iphoneos iphonesimulator macosx";
				SWIFT_EMIT_LOC_STRINGS = YES;
				SWIFT_VERSION = 5.0;
				TARGETED_DEVICE_FAMILY = "1,2";
			};
			name = Release;
		};
		6B61F6DB2857B282005E9EDA /* Debug */ = {
			isa = XCBuildConfiguration;
			buildSettings = {
				ALWAYS_EMBED_SWIFT_STANDARD_LIBRARIES = YES;
				BUNDLE_LOADER = "$(TEST_HOST)";
				CODE_SIGN_STYLE = Automatic;
				CURRENT_PROJECT_VERSION = 1;
				DEVELOPMENT_TEAM = Y3LJXLJ9JS;
				GENERATE_INFOPLIST_FILE = YES;
				IPHONEOS_DEPLOYMENT_TARGET = 16.0;
				MACOSX_DEPLOYMENT_TARGET = 13.0;
				MARKETING_VERSION = 1.0;
				PRODUCT_BUNDLE_IDENTIFIER = com.positronicman.SwiftUIAnyLayoutTests;
				PRODUCT_NAME = "$(TARGET_NAME)";
				SDKROOT = auto;
				SUPPORTED_PLATFORMS = "iphoneos iphonesimulator macosx";
				SWIFT_EMIT_LOC_STRINGS = NO;
				SWIFT_VERSION = 5.0;
				TARGETED_DEVICE_FAMILY = "1,2";
				TEST_HOST = "$(BUILT_PRODUCTS_DIR)/SwiftUIAnyLayout.app/$(BUNDLE_EXECUTABLE_FOLDER_PATH)/SwiftUIAnyLayout";
			};
			name = Debug;
		};
		6B61F6DC2857B282005E9EDA /* Release */ = {
			isa = XCBuildConfiguration;
			buildSettings = {
				ALWAYS_EMBED_SWIFT_STANDARD_LIBRARIES = YES;
				BUNDLE_LOADER = "$(TEST_HOST)";
				CODE_SIGN_STYLE = Automatic;
				CURRENT_PROJECT_VERSION = 1;
				DEVELOPMENT_TEAM = Y3LJXLJ9JS;
				GENERATE_INFOPLIST_FILE = YES;
				IPHONEOS_DEPLOYMENT_TARGET = 16.0;
				MACOSX_DEPLOYMENT_TARGET = 13.0;
				MARKETING_VERSION = 1.0;
				PRODUCT_BUNDLE_IDENTIFIER = com.positronicman.SwiftUIAnyLayoutTests;
				PRODUCT_NAME = "$(TARGET_NAME)";
				SDKROOT = auto;
				SUPPORTED_PLATFORMS = "iphoneos iphonesimulator macosx";
				SWIFT_EMIT_LOC_STRINGS = NO;
				SWIFT_VERSION = 5.0;
				TARGETED_DEVICE_FAMILY = "1,2";
				TEST_HOST = "$(BUILT_PRODUCTS_DIR)/SwiftUIAnyLayout.app/$(BUNDLE_EXECUTABLE_FOLDER_PATH)/SwiftUIAnyLayout";
			};
			name = Release;
		};
		6B61F6DE2857B282005E9EDA /* Debug */ = {
			isa = XCBuildConfiguration;
			buildSettings = {
				ALWAYS_EMBED_SWIFT_STANDARD_LIBRARIES = YES;
				CODE_SIGN_STYLE = Automatic;
				CURRENT_PROJECT_VERSION = 1;
				DEVELOPMENT_TEAM = Y3LJXLJ9JS;
				GENERATE_INFOPLIST_FILE = YES;
				IPHONEOS_DEPLOYMENT_TARGET = 16.0;
				MACOSX_DEPLOYMENT_TARGET = 13.0;
				MARKETING_VERSION = 1.0;
				PRODUCT_BUNDLE_IDENTIFIER = com.positronicman.SwiftUIAnyLayoutUITests;
				PRODUCT_NAME = "$(TARGET_NAME)";
				SDKROOT = auto;
				SUPPORTED_PLATFORMS = "iphoneos iphonesimulator macosx";
				SWIFT_EMIT_LOC_STRINGS = NO;
				SWIFT_VERSION = 5.0;
				TARGETED_DEVICE_FAMILY = "1,2";
				TEST_TARGET_NAME = SwiftUIAnyLayout;
			};
			name = Debug;
		};
		6B61F6DF2857B282005E9EDA /* Release */ = {
			isa = XCBuildConfiguration;
			buildSettings = {
				ALWAYS_EMBED_SWIFT_STANDARD_LIBRARIES = YES;
				CODE_SIGN_STYLE = Automatic;
				CURRENT_PROJECT_VERSION = 1;
				DEVELOPMENT_TEAM = Y3LJXLJ9JS;
				GENERATE_INFOPLIST_FILE = YES;
				IPHONEOS_DEPLOYMENT_TARGET = 16.0;
				MACOSX_DEPLOYMENT_TARGET = 13.0;
				MARKETING_VERSION = 1.0;
				PRODUCT_BUNDLE_IDENTIFIER = com.positronicman.SwiftUIAnyLayoutUITests;
				PRODUCT_NAME = "$(TARGET_NAME)";
				SDKROOT = auto;
				SUPPORTED_PLATFORMS = "iphoneos iphonesimulator macosx";
				SWIFT_EMIT_LOC_STRINGS = NO;
				SWIFT_VERSION = 5.0;
				TARGETED_DEVICE_FAMILY = "1,2";
				TEST_TARGET_NAME = SwiftUIAnyLayout;
			};
			name = Release;
		};
/* End XCBuildConfiguration section */

/* Begin XCConfigurationList section */
		6B61F6AD2857B280005E9EDA /* Build configuration list for PBXProject "SwiftUIAnyLayout" */ = {
			isa = XCConfigurationList;
			buildConfigurations = (
				6B61F6D52857B282005E9EDA /* Debug */,
				6B61F6D62857B282005E9EDA /* Release */,
			);
			defaultConfigurationIsVisible = 0;
			defaultConfigurationName = Release;
		};
		6B61F6D72857B282005E9EDA /* Build configuration list for PBXNativeTarget "SwiftUIAnyLayout" */ = {
			isa = XCConfigurationList;
			buildConfigurations = (
				6B61F6D82857B282005E9EDA /* Debug */,
				6B61F6D92857B282005E9EDA /* Release */,
			);
			defaultConfigurationIsVisible = 0;
			defaultConfigurationName = Release;
		};
		6B61F6DA2857B282005E9EDA /* Build configuration list for PBXNativeTarget "SwiftUIAnyLayoutTests" */ = {
			isa = XCConfigurationList;
			buildConfigurations = (
				6B61F6DB2857B282005E9EDA /* Debug */,
				6B61F6DC2857B282005E9EDA /* Release */,
			);
			defaultConfigurationIsVisible = 0;
			defaultConfigurationName = Release;
		};
		6B61F6DD2857B282005E9EDA /* Build configuration list for PBXNativeTarget "SwiftUIAnyLayoutUITests" */ = {
			isa = XCConfigurationList;
			buildConfigurations = (
				6B61F6DE2857B282005E9EDA /* Debug */,
				6B61F6DF2857B282005E9EDA /* Release */,
			);
			defaultConfigurationIsVisible = 0;
			defaultConfigurationName = Release;
		};
/* End XCConfigurationList section */
	};
	rootObject = 6B61F6AA2857B280005E9EDA /* Project object */;
}
