// !$*UTF8*$!
{
	archiveVersion = 1;
	classes = {
	};
	objectVersion = 56;
	objects = {

/* Begin PBXBuildFile section */
		6B61F67F2857A167005E9EDA /* SwiftUIFontColorAnimationApp.swift in Sources */ = {isa = PBXBuildFile; fileRef = 6B61F67E2857A167005E9EDA /* SwiftUIFontColorAnimationApp.swift */; };
		6B61F6812857A167005E9EDA /* ContentView.swift in Sources */ = {isa = PBXBuildFile; fileRef = 6B61F6802857A167005E9EDA /* ContentView.swift */; };
		6B61F6832857A169005E9EDA /* Assets.xcassets in Resources */ = {isa = PBXBuildFile; fileRef = 6B61F6822857A169005E9EDA /* Assets.xcassets */; };
		6B61F6872857A169005E9EDA /* Preview Assets.xcassets in Resources */ = {isa = PBXBuildFile; fileRef = 6B61F6862857A169005E9EDA /* Preview Assets.xcassets */; };
		6B61F6912857A169005E9EDA /* SwiftUIFontColorAnimationTests.swift in Sources */ = {isa = PBXBuildFile; fileRef = 6B61F6902857A169005E9EDA /* SwiftUIFontColorAnimationTests.swift */; };
		6B61F69B2857A169005E9EDA /* SwiftUIFontColorAnimationUITests.swift in Sources */ = {isa = PBXBuildFile; fileRef = 6B61F69A2857A169005E9EDA /* SwiftUIFontColorAnimationUITests.swift */; };
		6B61F69D2857A169005E9EDA /* SwiftUIFontColorAnimationUITestsLaunchTests.swift in Sources */ = {isa = PBXBuildFile; fileRef = 6B61F69C2857A169005E9EDA /* SwiftUIFontColorAnimationUITestsLaunchTests.swift */; };
/* End PBXBuildFile section */

/* Begin PBXContainerItemProxy section */
		6B61F68D2857A169005E9EDA /* PBXContainerItemProxy */ = {
			isa = PBXContainerItemProxy;
			containerPortal = 6B61F6732857A167005E9EDA /* Project object */;
			proxyType = 1;
			remoteGlobalIDString = 6B61F67A2857A167005E9EDA;
			remoteInfo = SwiftUIFontColorAnimation;
		};
		6B61F6972857A169005E9EDA /* PBXContainerItemProxy */ = {
			isa = PBXContainerItemProxy;
			containerPortal = 6B61F6732857A167005E9EDA /* Project object */;
			proxyType = 1;
			remoteGlobalIDString = 6B61F67A2857A167005E9EDA;
			remoteInfo = SwiftUIFontColorAnimation;
		};
/* End PBXContainerItemProxy section */

/* Begin PBXFileReference section */
		6B61F67B2857A167005E9EDA /* SwiftUIFontColorAnimation.app */ = {isa = PBXFileReference; explicitFileType = wrapper.application; includeInIndex = 0; path = SwiftUIFontColorAnimation.app; sourceTree = BUILT_PRODUCTS_DIR; };
		6B61F67E2857A167005E9EDA /* SwiftUIFontColorAnimationApp.swift */ = {isa = PBXFileReference; lastKnownFileType = sourcecode.swift; path = SwiftUIFontColorAnimationApp.swift; sourceTree = "<group>"; };
		6B61F6802857A167005E9EDA /* ContentView.swift */ = {isa = PBXFileReference; lastKnownFileType = sourcecode.swift; path = ContentView.swift; sourceTree = "<group>"; };
		6B61F6822857A169005E9EDA /* Assets.xcassets */ = {isa = PBXFileReference; lastKnownFileType = folder.assetcatalog; path = Assets.xcassets; sourceTree = "<group>"; };
		6B61F6842857A169005E9EDA /* SwiftUIFontColorAnimation.entitlements */ = {isa = PBXFileReference; lastKnownFileType = text.plist.entitlements; path = SwiftUIFontColorAnimation.entitlements; sourceTree = "<group>"; };
		6B61F6862857A169005E9EDA /* Preview Assets.xcassets */ = {isa = PBXFileReference; lastKnownFileType = folder.assetcatalog; path = "Preview Assets.xcassets"; sourceTree = "<group>"; };
		6B61F68C2857A169005E9EDA /* SwiftUIFontColorAnimationTests.xctest */ = {isa = PBXFileReference; explicitFileType = wrapper.cfbundle; includeInIndex = 0; path = SwiftUIFontColorAnimationTests.xctest; sourceTree = BUILT_PRODUCTS_DIR; };
		6B61F6902857A169005E9EDA /* SwiftUIFontColorAnimationTests.swift */ = {isa = PBXFileReference; lastKnownFileType = sourcecode.swift; path = SwiftUIFontColorAnimationTests.swift; sourceTree = "<group>"; };
		6B61F6962857A169005E9EDA /* SwiftUIFontColorAnimationUITests.xctest */ = {isa = PBXFileReference; explicitFileType = wrapper.cfbundle; includeInIndex = 0; path = SwiftUIFontColorAnimationUITests.xctest; sourceTree = BUILT_PRODUCTS_DIR; };
		6B61F69A2857A169005E9EDA /* SwiftUIFontColorAnimationUITests.swift */ = {isa = PBXFileReference; lastKnownFileType = sourcecode.swift; path = SwiftUIFontColorAnimationUITests.swift; sourceTree = "<group>"; };
		6B61F69C2857A169005E9EDA /* SwiftUIFontColorAnimationUITestsLaunchTests.swift */ = {isa = PBXFileReference; lastKnownFileType = sourcecode.swift; path = SwiftUIFontColorAnimationUITestsLaunchTests.swift; sourceTree = "<group>"; };
/* End PBXFileReference section */

/* Begin PBXFrameworksBuildPhase section */
		6B61F6782857A167005E9EDA /* Frameworks */ = {
			isa = PBXFrameworksBuildPhase;
			buildActionMask = 2147483647;
			files = (
			);
			runOnlyForDeploymentPostprocessing = 0;
		};
		6B61F6892857A169005E9EDA /* Frameworks */ = {
			isa = PBXFrameworksBuildPhase;
			buildActionMask = 2147483647;
			files = (
			);
			runOnlyForDeploymentPostprocessing = 0;
		};
		6B61F6932857A169005E9EDA /* Frameworks */ = {
			isa = PBXFrameworksBuildPhase;
			buildActionMask = 2147483647;
			files = (
			);
			runOnlyForDeploymentPostprocessing = 0;
		};
/* End PBXFrameworksBuildPhase section */

/* Begin PBXGroup section */
		6B61F6722857A167005E9EDA = {
			isa = PBXGroup;
			children = (
				6B61F67D2857A167005E9EDA /* SwiftUIFontColorAnimation */,
				6B61F68F2857A169005E9EDA /* SwiftUIFontColorAnimationTests */,
				6B61F6992857A169005E9EDA /* SwiftUIFontColorAnimationUITests */,
				6B61F67C2857A167005E9EDA /* Products */,
			);
			sourceTree = "<group>";
		};
		6B61F67C2857A167005E9EDA /* Products */ = {
			isa = PBXGroup;
			children = (
				6B61F67B2857A167005E9EDA /* SwiftUIFontColorAnimation.app */,
				6B61F68C2857A169005E9EDA /* SwiftUIFontColorAnimationTests.xctest */,
				6B61F6962857A169005E9EDA /* SwiftUIFontColorAnimationUITests.xctest */,
			);
			name = Products;
			sourceTree = "<group>";
		};
		6B61F67D2857A167005E9EDA /* SwiftUIFontColorAnimation */ = {
			isa = PBXGroup;
			children = (
				6B61F67E2857A167005E9EDA /* SwiftUIFontColorAnimationApp.swift */,
				6B61F6802857A167005E9EDA /* ContentView.swift */,
				6B61F6822857A169005E9EDA /* Assets.xcassets */,
				6B61F6842857A169005E9EDA /* SwiftUIFontColorAnimation.entitlements */,
				6B61F6852857A169005E9EDA /* Preview Content */,
			);
			path = SwiftUIFontColorAnimation;
			sourceTree = "<group>";
		};
		6B61F6852857A169005E9EDA /* Preview Content */ = {
			isa = PBXGroup;
			children = (
				6B61F6862857A169005E9EDA /* Preview Assets.xcassets */,
			);
			path = "Preview Content";
			sourceTree = "<group>";
		};
		6B61F68F2857A169005E9EDA /* SwiftUIFontColorAnimationTests */ = {
			isa = PBXGroup;
			children = (
				6B61F6902857A169005E9EDA /* SwiftUIFontColorAnimationTests.swift */,
			);
			path = SwiftUIFontColorAnimationTests;
			sourceTree = "<group>";
		};
		6B61F6992857A169005E9EDA /* SwiftUIFontColorAnimationUITests */ = {
			isa = PBXGroup;
			children = (
				6B61F69A2857A169005E9EDA /* SwiftUIFontColorAnimationUITests.swift */,
				6B61F69C2857A169005E9EDA /* SwiftUIFontColorAnimationUITestsLaunchTests.swift */,
			);
			path = SwiftUIFontColorAnimationUITests;
			sourceTree = "<group>";
		};
/* End PBXGroup section */

/* Begin PBXNativeTarget section */
		6B61F67A2857A167005E9EDA /* SwiftUIFontColorAnimation */ = {
			isa = PBXNativeTarget;
			buildConfigurationList = 6B61F6A02857A169005E9EDA /* Build configuration list for PBXNativeTarget "SwiftUIFontColorAnimation" */;
			buildPhases = (
				6B61F6772857A167005E9EDA /* Sources */,
				6B61F6782857A167005E9EDA /* Frameworks */,
				6B61F6792857A167005E9EDA /* Resources */,
			);
			buildRules = (
			);
			dependencies = (
			);
			name = SwiftUIFontColorAnimation;
			productName = SwiftUIFontColorAnimation;
			productReference = 6B61F67B2857A167005E9EDA /* SwiftUIFontColorAnimation.app */;
			productType = "com.apple.product-type.application";
		};
		6B61F68B2857A169005E9EDA /* SwiftUIFontColorAnimationTests */ = {
			isa = PBXNativeTarget;
			buildConfigurationList = 6B61F6A32857A169005E9EDA /* Build configuration list for PBXNativeTarget "SwiftUIFontColorAnimationTests" */;
			buildPhases = (
				6B61F6882857A169005E9EDA /* Sources */,
				6B61F6892857A169005E9EDA /* Frameworks */,
				6B61F68A2857A169005E9EDA /* Resources */,
			);
			buildRules = (
			);
			dependencies = (
				6B61F68E2857A169005E9EDA /* PBXTargetDependency */,
			);
			name = SwiftUIFontColorAnimationTests;
			productName = SwiftUIFontColorAnimationTests;
			productReference = 6B61F68C2857A169005E9EDA /* SwiftUIFontColorAnimationTests.xctest */;
			productType = "com.apple.product-type.bundle.unit-test";
		};
		6B61F6952857A169005E9EDA /* SwiftUIFontColorAnimationUITests */ = {
			isa = PBXNativeTarget;
			buildConfigurationList = 6B61F6A62857A169005E9EDA /* Build configuration list for PBXNativeTarget "SwiftUIFontColorAnimationUITests" */;
			buildPhases = (
				6B61F6922857A169005E9EDA /* Sources */,
				6B61F6932857A169005E9EDA /* Frameworks */,
				6B61F6942857A169005E9EDA /* Resources */,
			);
			buildRules = (
			);
			dependencies = (
				6B61F6982857A169005E9EDA /* PBXTargetDependency */,
			);
			name = SwiftUIFontColorAnimationUITests;
			productName = SwiftUIFontColorAnimationUITests;
			productReference = 6B61F6962857A169005E9EDA /* SwiftUIFontColorAnimationUITests.xctest */;
			productType = "com.apple.product-type.bundle.ui-testing";
		};
/* End PBXNativeTarget section */

/* Begin PBXProject section */
		6B61F6732857A167005E9EDA /* Project object */ = {
			isa = PBXProject;
			attributes = {
				BuildIndependentTargetsInParallel = 1;
				LastSwiftUpdateCheck = 1400;
				LastUpgradeCheck = 1400;
				TargetAttributes = {
					6B61F67A2857A167005E9EDA = {
						CreatedOnToolsVersion = 14.0;
					};
					6B61F68B2857A169005E9EDA = {
						CreatedOnToolsVersion = 14.0;
						TestTargetID = 6B61F67A2857A167005E9EDA;
					};
					6B61F6952857A169005E9EDA = {
						CreatedOnToolsVersion = 14.0;
						TestTargetID = 6B61F67A2857A167005E9EDA;
					};
				};
			};
			buildConfigurationList = 6B61F6762857A167005E9EDA /* Build configuration list for PBXProject "SwiftUIFontColorAnimation" */;
			compatibilityVersion = "Xcode 14.0";
			developmentRegion = en;
			hasScannedForEncodings = 0;
			knownRegions = (
				en,
				Base,
			);
			mainGroup = 6B61F6722857A167005E9EDA;
			productRefGroup = 6B61F67C2857A167005E9EDA /* Products */;
			projectDirPath = "";
			projectRoot = "";
			targets = (
				6B61F67A2857A167005E9EDA /* SwiftUIFontColorAnimation */,
				6B61F68B2857A169005E9EDA /* SwiftUIFontColorAnimationTests */,
				6B61F6952857A169005E9EDA /* SwiftUIFontColorAnimationUITests */,
			);
		};
/* End PBXProject section */

/* Begin PBXResourcesBuildPhase section */
		6B61F6792857A167005E9EDA /* Resources */ = {
			isa = PBXResourcesBuildPhase;
			buildActionMask = 2147483647;
			files = (
				6B61F6872857A169005E9EDA /* Preview Assets.xcassets in Resources */,
				6B61F6832857A169005E9EDA /* Assets.xcassets in Resources */,
			);
			runOnlyForDeploymentPostprocessing = 0;
		};
		6B61F68A2857A169005E9EDA /* Resources */ = {
			isa = PBXResourcesBuildPhase;
			buildActionMask = 2147483647;
			files = (
			);
			runOnlyForDeploymentPostprocessing = 0;
		};
		6B61F6942857A169005E9EDA /* Resources */ = {
			isa = PBXResourcesBuildPhase;
			buildActionMask = 2147483647;
			files = (
			);
			runOnlyForDeploymentPostprocessing = 0;
		};
/* End PBXResourcesBuildPhase section */

/* Begin PBXSourcesBuildPhase section */
		6B61F6772857A167005E9EDA /* Sources */ = {
			isa = PBXSourcesBuildPhase;
			buildActionMask = 2147483647;
			files = (
				6B61F6812857A167005E9EDA /* ContentView.swift in Sources */,
				6B61F67F2857A167005E9EDA /* SwiftUIFontColorAnimationApp.swift in Sources */,
			);
			runOnlyForDeploymentPostprocessing = 0;
		};
		6B61F6882857A169005E9EDA /* Sources */ = {
			isa = PBXSourcesBuildPhase;
			buildActionMask = 2147483647;
			files = (
				6B61F6912857A169005E9EDA /* SwiftUIFontColorAnimationTests.swift in Sources */,
			);
			runOnlyForDeploymentPostprocessing = 0;
		};
		6B61F6922857A169005E9EDA /* Sources */ = {
			isa = PBXSourcesBuildPhase;
			buildActionMask = 2147483647;
			files = (
				6B61F69D2857A169005E9EDA /* SwiftUIFontColorAnimationUITestsLaunchTests.swift in Sources */,
				6B61F69B2857A169005E9EDA /* SwiftUIFontColorAnimationUITests.swift in Sources */,
			);
			runOnlyForDeploymentPostprocessing = 0;
		};
/* End PBXSourcesBuildPhase section */

/* Begin PBXTargetDependency section */
		6B61F68E2857A169005E9EDA /* PBXTargetDependency */ = {
			isa = PBXTargetDependency;
			target = 6B61F67A2857A167005E9EDA /* SwiftUIFontColorAnimation */;
			targetProxy = 6B61F68D2857A169005E9EDA /* PBXContainerItemProxy */;
		};
		6B61F6982857A169005E9EDA /* PBXTargetDependency */ = {
			isa = PBXTargetDependency;
			target = 6B61F67A2857A167005E9EDA /* SwiftUIFontColorAnimation */;
			targetProxy = 6B61F6972857A169005E9EDA /* PBXContainerItemProxy */;
		};
/* End PBXTargetDependency section */

/* Begin XCBuildConfiguration section */
		6B61F69E2857A169005E9EDA /* Debug */ = {
			isa = XCBuildConfiguration;
			buildSettings = {
				ALWAYS_SEARCH_USER_PATHS = NO;
				CLANG_ANALYZER_NONNULL = YES;
				CLANG_ANALYZER_NUMBER_OBJECT_CONVERSION = YES_AGGRESSIVE;
				CLANG_CXX_LANGUAGE_STANDARD = "gnu++17";
				CLANG_ENABLE_MODULES = YES;
				CLANG_ENABLE_OBJC_ARC = YES;
				CLANG_ENABLE_OBJC_WEAK = YES;
				CLANG_WARN_BLOCK_CAPTURE_AUTORELEASING = YES;
				CLANG_WARN_BOOL_CONVERSION = YES;
				CLANG_WARN_COMMA = YES;
				CLANG_WARN_CONSTANT_CONVERSION = YES;
				CLANG_WARN_DEPRECATED_OBJC_IMPLEMENTATIONS = YES;
				CLANG_WARN_DIRECT_OBJC_ISA_USAGE = YES_ERROR;
				CLANG_WARN_DOCUMENTATION_COMMENTS = YES;
				CLANG_WARN_EMPTY_BODY = YES;
				CLANG_WARN_ENUM_CONVERSION = YES;
				CLANG_WARN_INFINITE_RECURSION = YES;
				CLANG_WARN_INT_CONVERSION = YES;
				CLANG_WARN_NON_LITERAL_NULL_CONVERSION = YES;
				CLANG_WARN_OBJC_IMPLICIT_RETAIN_SELF = YES;
				CLANG_WARN_OBJC_LITERAL_CONVERSION = YES;
				CLANG_WARN_OBJC_ROOT_CLASS = YES_ERROR;
				CLANG_WARN_QUOTED_INCLUDE_IN_FRAMEWORK_HEADER = YES;
				CLANG_WARN_RANGE_LOOP_ANALYSIS = YES;
				CLANG_WARN_STRICT_PROTOTYPES = YES;
				CLANG_WARN_SUSPICIOUS_MOVE = YES;
				CLANG_WARN_UNGUARDED_AVAILABILITY = YES_AGGRESSIVE;
				CLANG_WARN_UNREACHABLE_CODE = YES;
				CLANG_WARN__DUPLICATE_METHOD_MATCH = YES;
				COPY_PHASE_STRIP = NO;
				DEBUG_INFORMATION_FORMAT = dwarf;
				ENABLE_STRICT_OBJC_MSGSEND = YES;
				ENABLE_TESTABILITY = YES;
				GCC_C_LANGUAGE_STANDARD = gnu11;
				GCC_DYNAMIC_NO_PIC = NO;
				GCC_NO_COMMON_BLOCKS = YES;
				GCC_OPTIMIZATION_LEVEL = 0;
				GCC_PREPROCESSOR_DEFINITIONS = (
					"DEBUG=1",
					"$(inherited)",
				);
				GCC_WARN_64_TO_32_BIT_CONVERSION = YES;
				GCC_WARN_ABOUT_RETURN_TYPE = YES_ERROR;
				GCC_WARN_UNDECLARED_SELECTOR = YES;
				GCC_WARN_UNINITIALIZED_AUTOS = YES_AGGRESSIVE;
				GCC_WARN_UNUSED_FUNCTION = YES;
				GCC_WARN_UNUSED_VARIABLE = YES;
				MTL_ENABLE_DEBUG_INFO = INCLUDE_SOURCE;
				MTL_FAST_MATH = YES;
				ONLY_ACTIVE_ARCH = YES;
				SWIFT_ACTIVE_COMPILATION_CONDITIONS = DEBUG;
				SWIFT_OPTIMIZATION_LEVEL = "-Onone";
			};
			name = Debug;
		};
		6B61F69F2857A169005E9EDA /* Release */ = {
			isa = XCBuildConfiguration;
			buildSettings = {
				ALWAYS_SEARCH_USER_PATHS = NO;
				CLANG_ANALYZER_NONNULL = YES;
				CLANG_ANALYZER_NUMBER_OBJECT_CONVERSION = YES_AGGRESSIVE;
				CLANG_CXX_LANGUAGE_STANDARD = "gnu++17";
				CLANG_ENABLE_MODULES = YES;
				CLANG_ENABLE_OBJC_ARC = YES;
				CLANG_ENABLE_OBJC_WEAK = YES;
				CLANG_WARN_BLOCK_CAPTURE_AUTORELEASING = YES;
				CLANG_WARN_BOOL_CONVERSION = YES;
				CLANG_WARN_COMMA = YES;
				CLANG_WARN_CONSTANT_CONVERSION = YES;
				CLANG_WARN_DEPRECATED_OBJC_IMPLEMENTATIONS = YES;
				CLANG_WARN_DIRECT_OBJC_ISA_USAGE = YES_ERROR;
				CLANG_WARN_DOCUMENTATION_COMMENTS = YES;
				CLANG_WARN_EMPTY_BODY = YES;
				CLANG_WARN_ENUM_CONVERSION = YES;
				CLANG_WARN_INFINITE_RECURSION = YES;
				CLANG_WARN_INT_CONVERSION = YES;
				CLANG_WARN_NON_LITERAL_NULL_CONVERSION = YES;
				CLANG_WARN_OBJC_IMPLICIT_RETAIN_SELF = YES;
				CLANG_WARN_OBJC_LITERAL_CONVERSION = YES;
				CLANG_WARN_OBJC_ROOT_CLASS = YES_ERROR;
				CLANG_WARN_QUOTED_INCLUDE_IN_FRAMEWORK_HEADER = YES;
				CLANG_WARN_RANGE_LOOP_ANALYSIS = YES;
				CLANG_WARN_STRICT_PROTOTYPES = YES;
				CLANG_WARN_SUSPICIOUS_MOVE = YES;
				CLANG_WARN_UNGUARDED_AVAILABILITY = YES_AGGRESSIVE;
				CLANG_WARN_UNREACHABLE_CODE = YES;
				CLANG_WARN__DUPLICATE_METHOD_MATCH = YES;
				COPY_PHASE_STRIP = NO;
				DEBUG_INFORMATION_FORMAT = "dwarf-with-dsym";
				ENABLE_NS_ASSERTIONS = NO;
				ENABLE_STRICT_OBJC_MSGSEND = YES;
				GCC_C_LANGUAGE_STANDARD = gnu11;
				GCC_NO_COMMON_BLOCKS = YES;
				GCC_WARN_64_TO_32_BIT_CONVERSION = YES;
				GCC_WARN_ABOUT_RETURN_TYPE = YES_ERROR;
				GCC_WARN_UNDECLARED_SELECTOR = YES;
				GCC_WARN_UNINITIALIZED_AUTOS = YES_AGGRESSIVE;
				GCC_WARN_UNUSED_FUNCTION = YES;
				GCC_WARN_UNUSED_VARIABLE = YES;
				MTL_ENABLE_DEBUG_INFO = NO;
				MTL_FAST_MATH = YES;
				SWIFT_COMPILATION_MODE = wholemodule;
				SWIFT_OPTIMIZATION_LEVEL = "-O";
			};
			name = Release;
		};
		6B61F6A12857A169005E9EDA /* Debug */ = {
			isa = XCBuildConfiguration;
			buildSettings = {
				ASSETCATALOG_COMPILER_APPICON_NAME = AppIcon;
				ASSETCATALOG_COMPILER_GLOBAL_ACCENT_COLOR_NAME = AccentColor;
				CODE_SIGN_ENTITLEMENTS = SwiftUIFontColorAnimation/SwiftUIFontColorAnimation.entitlements;
				CODE_SIGN_STYLE = Automatic;
				CURRENT_PROJECT_VERSION = 1;
				DEVELOPMENT_ASSET_PATHS = "\"SwiftUIFontColorAnimation/Preview Content\"";
				DEVELOPMENT_TEAM = Y3LJXLJ9JS;
				ENABLE_HARDENED_RUNTIME = YES;
				ENABLE_PREVIEWS = YES;
				GENERATE_INFOPLIST_FILE = YES;
				"INFOPLIST_KEY_UILaunchScreen_Generation[sdk=iphoneos*]" = YES;
				"INFOPLIST_KEY_UILaunchScreen_Generation[sdk=iphonesimulator*]" = YES;
				INFOPLIST_KEY_UISupportedInterfaceOrientations_iPad = "UIInterfaceOrientationPortrait UIInterfaceOrientationPortraitUpsideDown UIInterfaceOrientationLandscapeLeft UIInterfaceOrientationLandscapeRight";
				INFOPLIST_KEY_UISupportedInterfaceOrientations_iPhone = "UIInterfaceOrientationPortrait UIInterfaceOrientationLandscapeLeft UIInterfaceOrientationLandscapeRight";
				IPHONEOS_DEPLOYMENT_TARGET = 16.0;
				LD_RUNPATH_SEARCH_PATHS = "@executable_path/Frameworks";
				"LD_RUNPATH_SEARCH_PATHS[sdk=macosx*]" = "@executable_path/../Frameworks";
				MACOSX_DEPLOYMENT_TARGET = 13.0;
				MARKETING_VERSION = 1.0;
				PRODUCT_BUNDLE_IDENTIFIER = com.positronicman.SwiftUIFontColorAnimation;
				PRODUCT_NAME = "$(TARGET_NAME)";
				SDKROOT = auto;
				SUPPORTED_PLATFORMS = "iphoneos iphonesimulator macosx";
				SWIFT_EMIT_LOC_STRINGS = YES;
				SWIFT_VERSION = 5.0;
				TARGETED_DEVICE_FAMILY = "1,2";
			};
			name = Debug;
		};
		6B61F6A22857A169005E9EDA /* Release */ = {
			isa = XCBuildConfiguration;
			buildSettings = {
				ASSETCATALOG_COMPILER_APPICON_NAME = AppIcon;
				ASSETCATALOG_COMPILER_GLOBAL_ACCENT_COLOR_NAME = AccentColor;
				CODE_SIGN_ENTITLEMENTS = SwiftUIFontColorAnimation/SwiftUIFontColorAnimation.entitlements;
				CODE_SIGN_STYLE = Automatic;
				CURRENT_PROJECT_VERSION = 1;
				DEVELOPMENT_ASSET_PATHS = "\"SwiftUIFontColorAnimation/Preview Content\"";
				DEVELOPMENT_TEAM = Y3LJXLJ9JS;
				ENABLE_HARDENED_RUNTIME = YES;
				ENABLE_PREVIEWS = YES;
				GENERATE_INFOPLIST_FILE = YES;
				"INFOPLIST_KEY_UILaunchScreen_Generation[sdk=iphoneos*]" = YES;
				"INFOPLIST_KEY_UILaunchScreen_Generation[sdk=iphonesimulator*]" = YES;
				INFOPLIST_KEY_UISupportedInterfaceOrientations_iPad = "UIInterfaceOrientationPortrait UIInterfaceOrientationPortraitUpsideDown UIInterfaceOrientationLandscapeLeft UIInterfaceOrientationLandscapeRight";
				INFOPLIST_KEY_UISupportedInterfaceOrientations_iPhone = "UIInterfaceOrientationPortrait UIInterfaceOrientationLandscapeLeft UIInterfaceOrientationLandscapeRight";
				IPHONEOS_DEPLOYMENT_TARGET = 16.0;
				LD_RUNPATH_SEARCH_PATHS = "@executable_path/Frameworks";
				"LD_RUNPATH_SEARCH_PATHS[sdk=macosx*]" = "@executable_path/../Frameworks";
				MACOSX_DEPLOYMENT_TARGET = 13.0;
				MARKETING_VERSION = 1.0;
				PRODUCT_BUNDLE_IDENTIFIER = com.positronicman.SwiftUIFontColorAnimation;
				PRODUCT_NAME = "$(TARGET_NAME)";
				SDKROOT = auto;
				SUPPORTED_PLATFORMS = "iphoneos iphonesimulator macosx";
				SWIFT_EMIT_LOC_STRINGS = YES;
				SWIFT_VERSION = 5.0;
				TARGETED_DEVICE_FAMILY = "1,2";
			};
			name = Release;
		};
		6B61F6A42857A169005E9EDA /* Debug */ = {
			isa = XCBuildConfiguration;
			buildSettings = {
				ALWAYS_EMBED_SWIFT_STANDARD_LIBRARIES = YES;
				BUNDLE_LOADER = "$(TEST_HOST)";
				CODE_SIGN_STYLE = Automatic;
				CURRENT_PROJECT_VERSION = 1;
				DEVELOPMENT_TEAM = Y3LJXLJ9JS;
				GENERATE_INFOPLIST_FILE = YES;
				IPHONEOS_DEPLOYMENT_TARGET = 16.0;
				MACOSX_DEPLOYMENT_TARGET = 13.0;
				MARKETING_VERSION = 1.0;
				PRODUCT_BUNDLE_IDENTIFIER = com.positronicman.SwiftUIFontColorAnimationTests;
				PRODUCT_NAME = "$(TARGET_NAME)";
				SDKROOT = auto;
				SUPPORTED_PLATFORMS = "iphoneos iphonesimulator macosx";
				SWIFT_EMIT_LOC_STRINGS = NO;
				SWIFT_VERSION = 5.0;
				TARGETED_DEVICE_FAMILY = "1,2";
				TEST_HOST = "$(BUILT_PRODUCTS_DIR)/SwiftUIFontColorAnimation.app/$(BUNDLE_EXECUTABLE_FOLDER_PATH)/SwiftUIFontColorAnimation";
			};
			name = Debug;
		};
		6B61F6A52857A169005E9EDA /* Release */ = {
			isa = XCBuildConfiguration;
			buildSettings = {
				ALWAYS_EMBED_SWIFT_STANDARD_LIBRARIES = YES;
				BUNDLE_LOADER = "$(TEST_HOST)";
				CODE_SIGN_STYLE = Automatic;
				CURRENT_PROJECT_VERSION = 1;
				DEVELOPMENT_TEAM = Y3LJXLJ9JS;
				GENERATE_INFOPLIST_FILE = YES;
				IPHONEOS_DEPLOYMENT_TARGET = 16.0;
				MACOSX_DEPLOYMENT_TARGET = 13.0;
				MARKETING_VERSION = 1.0;
				PRODUCT_BUNDLE_IDENTIFIER = com.positronicman.SwiftUIFontColorAnimationTests;
				PRODUCT_NAME = "$(TARGET_NAME)";
				SDKROOT = auto;
				SUPPORTED_PLATFORMS = "iphoneos iphonesimulator macosx";
				SWIFT_EMIT_LOC_STRINGS = NO;
				SWIFT_VERSION = 5.0;
				TARGETED_DEVICE_FAMILY = "1,2";
				TEST_HOST = "$(BUILT_PRODUCTS_DIR)/SwiftUIFontColorAnimation.app/$(BUNDLE_EXECUTABLE_FOLDER_PATH)/SwiftUIFontColorAnimation";
			};
			name = Release;
		};
		6B61F6A72857A169005E9EDA /* Debug */ = {
			isa = XCBuildConfiguration;
			buildSettings = {
				ALWAYS_EMBED_SWIFT_STANDARD_LIBRARIES = YES;
				CODE_SIGN_STYLE = Automatic;
				CURRENT_PROJECT_VERSION = 1;
				DEVELOPMENT_TEAM = Y3LJXLJ9JS;
				GENERATE_INFOPLIST_FILE = YES;
				IPHONEOS_DEPLOYMENT_TARGET = 16.0;
				MACOSX_DEPLOYMENT_TARGET = 13.0;
				MARKETING_VERSION = 1.0;
				PRODUCT_BUNDLE_IDENTIFIER = com.positronicman.SwiftUIFontColorAnimationUITests;
				PRODUCT_NAME = "$(TARGET_NAME)";
				SDKROOT = auto;
				SUPPORTED_PLATFORMS = "iphoneos iphonesimulator macosx";
				SWIFT_EMIT_LOC_STRINGS = NO;
				SWIFT_VERSION = 5.0;
				TARGETED_DEVICE_FAMILY = "1,2";
				TEST_TARGET_NAME = SwiftUIFontColorAnimation;
			};
			name = Debug;
		};
		6B61F6A82857A169005E9EDA /* Release */ = {
			isa = XCBuildConfiguration;
			buildSettings = {
				ALWAYS_EMBED_SWIFT_STANDARD_LIBRARIES = YES;
				CODE_SIGN_STYLE = Automatic;
				CURRENT_PROJECT_VERSION = 1;
				DEVELOPMENT_TEAM = Y3LJXLJ9JS;
				GENERATE_INFOPLIST_FILE = YES;
				IPHONEOS_DEPLOYMENT_TARGET = 16.0;
				MACOSX_DEPLOYMENT_TARGET = 13.0;
				MARKETING_VERSION = 1.0;
				PRODUCT_BUNDLE_IDENTIFIER = com.positronicman.SwiftUIFontColorAnimationUITests;
				PRODUCT_NAME = "$(TARGET_NAME)";
				SDKROOT = auto;
				SUPPORTED_PLATFORMS = "iphoneos iphonesimulator macosx";
				SWIFT_EMIT_LOC_STRINGS = NO;
				SWIFT_VERSION = 5.0;
				TARGETED_DEVICE_FAMILY = "1,2";
				TEST_TARGET_NAME = SwiftUIFontColorAnimation;
			};
			name = Release;
		};
/* End XCBuildConfiguration section */

/* Begin XCConfigurationList section */
		6B61F6762857A167005E9EDA /* Build configuration list for PBXProject "SwiftUIFontColorAnimation" */ = {
			isa = XCConfigurationList;
			buildConfigurations = (
				6B61F69E2857A169005E9EDA /* Debug */,
				6B61F69F2857A169005E9EDA /* Release */,
			);
			defaultConfigurationIsVisible = 0;
			defaultConfigurationName = Release;
		};
		6B61F6A02857A169005E9EDA /* Build configuration list for PBXNativeTarget "SwiftUIFontColorAnimation" */ = {
			isa = XCConfigurationList;
			buildConfigurations = (
				6B61F6A12857A169005E9EDA /* Debug */,
				6B61F6A22857A169005E9EDA /* Release */,
			);
			defaultConfigurationIsVisible = 0;
			defaultConfigurationName = Release;
		};
		6B61F6A32857A169005E9EDA /* Build configuration list for PBXNativeTarget "SwiftUIFontColorAnimationTests" */ = {
			isa = XCConfigurationList;
			buildConfigurations = (
				6B61F6A42857A169005E9EDA /* Debug */,
				6B61F6A52857A169005E9EDA /* Release */,
			);
			defaultConfigurationIsVisible = 0;
			defaultConfigurationName = Release;
		};
		6B61F6A62857A169005E9EDA /* Build configuration list for PBXNativeTarget "SwiftUIFontColorAnimationUITests" */ = {
			isa = XCConfigurationList;
			buildConfigurations = (
				6B61F6A72857A169005E9EDA /* Debug */,
				6B61F6A82857A169005E9EDA /* Release */,
			);
			defaultConfigurationIsVisible = 0;
			defaultConfigurationName = Release;
		};
/* End XCConfigurationList section */
	};
	rootObject = 6B61F6732857A167005E9EDA /* Project object */;
}
