// !$*UTF8*$!
{
	archiveVersion = 1;
	classes = {
	};
	objectVersion = 56;
	objects = {

/* Begin PBXBuildFile section */
		6B96BCD928566CBE00C8C72A /* SwiftUIMultidatePickerApp.swift in Sources */ = {isa = PBXBuildFile; fileRef = 6B96BCD828566CBE00C8C72A /* SwiftUIMultidatePickerApp.swift */; };
		6B96BCDB28566CBE00C8C72A /* ContentView.swift in Sources */ = {isa = PBXBuildFile; fileRef = 6B96BCDA28566CBE00C8C72A /* ContentView.swift */; };
		6B96BCDD28566CBF00C8C72A /* Assets.xcassets in Resources */ = {isa = PBXBuildFile; fileRef = 6B96BCDC28566CBF00C8C72A /* Assets.xcassets */; };
		6B96BCE128566CBF00C8C72A /* Preview Assets.xcassets in Resources */ = {isa = PBXBuildFile; fileRef = 6B96BCE028566CBF00C8C72A /* Preview Assets.xcassets */; };
		6B96BCEB28566CBF00C8C72A /* SwiftUIMultidatePickerTests.swift in Sources */ = {isa = PBXBuildFile; fileRef = 6B96BCEA28566CBF00C8C72A /* SwiftUIMultidatePickerTests.swift */; };
		6B96BCF528566CBF00C8C72A /* SwiftUIMultidatePickerUITests.swift in Sources */ = {isa = PBXBuildFile; fileRef = 6B96BCF428566CBF00C8C72A /* SwiftUIMultidatePickerUITests.swift */; };
		6B96BCF728566CBF00C8C72A /* SwiftUIMultidatePickerUITestsLaunchTests.swift in Sources */ = {isa = PBXBuildFile; fileRef = 6B96BCF628566CBF00C8C72A /* SwiftUIMultidatePickerUITestsLaunchTests.swift */; };
/* End PBXBuildFile section */

/* Begin PBXContainerItemProxy section */
		6B96BCE728566CBF00C8C72A /* PBXContainerItemProxy */ = {
			isa = PBXContainerItemProxy;
			containerPortal = 6B96BCCD28566CBE00C8C72A /* Project object */;
			proxyType = 1;
			remoteGlobalIDString = 6B96BCD428566CBE00C8C72A;
			remoteInfo = SwiftUIMultidatePicker;
		};
		6B96BCF128566CBF00C8C72A /* PBXContainerItemProxy */ = {
			isa = PBXContainerItemProxy;
			containerPortal = 6B96BCCD28566CBE00C8C72A /* Project object */;
			proxyType = 1;
			remoteGlobalIDString = 6B96BCD428566CBE00C8C72A;
			remoteInfo = SwiftUIMultidatePicker;
		};
/* End PBXContainerItemProxy section */

/* Begin PBXFileReference section */
		6B96BCD528566CBE00C8C72A /* SwiftUIMultidatePicker.app */ = {isa = PBXFileReference; explicitFileType = wrapper.application; includeInIndex = 0; path = SwiftUIMultidatePicker.app; sourceTree = BUILT_PRODUCTS_DIR; };
		6B96BCD828566CBE00C8C72A /* SwiftUIMultidatePickerApp.swift */ = {isa = PBXFileReference; lastKnownFileType = sourcecode.swift; path = SwiftUIMultidatePickerApp.swift; sourceTree = "<group>"; };
		6B96BCDA28566CBE00C8C72A /* ContentView.swift */ = {isa = PBXFileReference; lastKnownFileType = sourcecode.swift; path = ContentView.swift; sourceTree = "<group>"; };
		6B96BCDC28566CBF00C8C72A /* Assets.xcassets */ = {isa = PBXFileReference; lastKnownFileType = folder.assetcatalog; path = Assets.xcassets; sourceTree = "<group>"; };
		6B96BCDE28566CBF00C8C72A /* SwiftUIMultidatePicker.entitlements */ = {isa = PBXFileReference; lastKnownFileType = text.plist.entitlements; path = SwiftUIMultidatePicker.entitlements; sourceTree = "<group>"; };
		6B96BCE028566CBF00C8C72A /* Preview Assets.xcassets */ = {isa = PBXFileReference; lastKnownFileType = folder.assetcatalog; path = "Preview Assets.xcassets"; sourceTree = "<group>"; };
		6B96BCE628566CBF00C8C72A /* SwiftUIMultidatePickerTests.xctest */ = {isa = PBXFileReference; explicitFileType = wrapper.cfbundle; includeInIndex = 0; path = SwiftUIMultidatePickerTests.xctest; sourceTree = BUILT_PRODUCTS_DIR; };
		6B96BCEA28566CBF00C8C72A /* SwiftUIMultidatePickerTests.swift */ = {isa = PBXFileReference; lastKnownFileType = sourcecode.swift; path = SwiftUIMultidatePickerTests.swift; sourceTree = "<group>"; };
		6B96BCF028566CBF00C8C72A /* SwiftUIMultidatePickerUITests.xctest */ = {isa = PBXFileReference; explicitFileType = wrapper.cfbundle; includeInIndex = 0; path = SwiftUIMultidatePickerUITests.xctest; sourceTree = BUILT_PRODUCTS_DIR; };
		6B96BCF428566CBF00C8C72A /* SwiftUIMultidatePickerUITests.swift */ = {isa = PBXFileReference; lastKnownFileType = sourcecode.swift; path = SwiftUIMultidatePickerUITests.swift; sourceTree = "<group>"; };
		6B96BCF628566CBF00C8C72A /* SwiftUIMultidatePickerUITestsLaunchTests.swift */ = {isa = PBXFileReference; lastKnownFileType = sourcecode.swift; path = SwiftUIMultidatePickerUITestsLaunchTests.swift; sourceTree = "<group>"; };
/* End PBXFileReference section */

/* Begin PBXFrameworksBuildPhase section */
		6B96BCD228566CBE00C8C72A /* Frameworks */ = {
			isa = PBXFrameworksBuildPhase;
			buildActionMask = 2147483647;
			files = (
			);
			runOnlyForDeploymentPostprocessing = 0;
		};
		6B96BCE328566CBF00C8C72A /* Frameworks */ = {
			isa = PBXFrameworksBuildPhase;
			buildActionMask = 2147483647;
			files = (
			);
			runOnlyForDeploymentPostprocessing = 0;
		};
		6B96BCED28566CBF00C8C72A /* Frameworks */ = {
			isa = PBXFrameworksBuildPhase;
			buildActionMask = 2147483647;
			files = (
			);
			runOnlyForDeploymentPostprocessing = 0;
		};
/* End PBXFrameworksBuildPhase section */

/* Begin PBXGroup section */
		6B96BCCC28566CBE00C8C72A = {
			isa = PBXGroup;
			children = (
				6B96BCD728566CBE00C8C72A /* SwiftUIMultidatePicker */,
				6B96BCE928566CBF00C8C72A /* SwiftUIMultidatePickerTests */,
				6B96BCF328566CBF00C8C72A /* SwiftUIMultidatePickerUITests */,
				6B96BCD628566CBE00C8C72A /* Products */,
			);
			sourceTree = "<group>";
		};
		6B96BCD628566CBE00C8C72A /* Products */ = {
			isa = PBXGroup;
			children = (
				6B96BCD528566CBE00C8C72A /* SwiftUIMultidatePicker.app */,
				6B96BCE628566CBF00C8C72A /* SwiftUIMultidatePickerTests.xctest */,
				6B96BCF028566CBF00C8C72A /* SwiftUIMultidatePickerUITests.xctest */,
			);
			name = Products;
			sourceTree = "<group>";
		};
		6B96BCD728566CBE00C8C72A /* SwiftUIMultidatePicker */ = {
			isa = PBXGroup;
			children = (
				6B96BCD828566CBE00C8C72A /* SwiftUIMultidatePickerApp.swift */,
				6B96BCDA28566CBE00C8C72A /* ContentView.swift */,
				6B96BCDC28566CBF00C8C72A /* Assets.xcassets */,
				6B96BCDE28566CBF00C8C72A /* SwiftUIMultidatePicker.entitlements */,
				6B96BCDF28566CBF00C8C72A /* Preview Content */,
			);
			path = SwiftUIMultidatePicker;
			sourceTree = "<group>";
		};
		6B96BCDF28566CBF00C8C72A /* Preview Content */ = {
			isa = PBXGroup;
			children = (
				6B96BCE028566CBF00C8C72A /* Preview Assets.xcassets */,
			);
			path = "Preview Content";
			sourceTree = "<group>";
		};
		6B96BCE928566CBF00C8C72A /* SwiftUIMultidatePickerTests */ = {
			isa = PBXGroup;
			children = (
				6B96BCEA28566CBF00C8C72A /* SwiftUIMultidatePickerTests.swift */,
			);
			path = SwiftUIMultidatePickerTests;
			sourceTree = "<group>";
		};
		6B96BCF328566CBF00C8C72A /* SwiftUIMultidatePickerUITests */ = {
			isa = PBXGroup;
			children = (
				6B96BCF428566CBF00C8C72A /* SwiftUIMultidatePickerUITests.swift */,
				6B96BCF628566CBF00C8C72A /* SwiftUIMultidatePickerUITestsLaunchTests.swift */,
			);
			path = SwiftUIMultidatePickerUITests;
			sourceTree = "<group>";
		};
/* End PBXGroup section */

/* Begin PBXNativeTarget section */
		6B96BCD428566CBE00C8C72A /* SwiftUIMultidatePicker */ = {
			isa = PBXNativeTarget;
			buildConfigurationList = 6B96BCFA28566CBF00C8C72A /* Build configuration list for PBXNativeTarget "SwiftUIMultidatePicker" */;
			buildPhases = (
				6B96BCD128566CBE00C8C72A /* Sources */,
				6B96BCD228566CBE00C8C72A /* Frameworks */,
				6B96BCD328566CBE00C8C72A /* Resources */,
			);
			buildRules = (
			);
			dependencies = (
			);
			name = SwiftUIMultidatePicker;
			productName = SwiftUIMultidatePicker;
			productReference = 6B96BCD528566CBE00C8C72A /* SwiftUIMultidatePicker.app */;
			productType = "com.apple.product-type.application";
		};
		6B96BCE528566CBF00C8C72A /* SwiftUIMultidatePickerTests */ = {
			isa = PBXNativeTarget;
			buildConfigurationList = 6B96BCFD28566CBF00C8C72A /* Build configuration list for PBXNativeTarget "SwiftUIMultidatePickerTests" */;
			buildPhases = (
				6B96BCE228566CBF00C8C72A /* Sources */,
				6B96BCE328566CBF00C8C72A /* Frameworks */,
				6B96BCE428566CBF00C8C72A /* Resources */,
			);
			buildRules = (
			);
			dependencies = (
				6B96BCE828566CBF00C8C72A /* PBXTargetDependency */,
			);
			name = SwiftUIMultidatePickerTests;
			productName = SwiftUIMultidatePickerTests;
			productReference = 6B96BCE628566CBF00C8C72A /* SwiftUIMultidatePickerTests.xctest */;
			productType = "com.apple.product-type.bundle.unit-test";
		};
		6B96BCEF28566CBF00C8C72A /* SwiftUIMultidatePickerUITests */ = {
			isa = PBXNativeTarget;
			buildConfigurationList = 6B96BD0028566CBF00C8C72A /* Build configuration list for PBXNativeTarget "SwiftUIMultidatePickerUITests" */;
			buildPhases = (
				6B96BCEC28566CBF00C8C72A /* Sources */,
				6B96BCED28566CBF00C8C72A /* Frameworks */,
				6B96BCEE28566CBF00C8C72A /* Resources */,
			);
			buildRules = (
			);
			dependencies = (
				6B96BCF228566CBF00C8C72A /* PBXTargetDependency */,
			);
			name = SwiftUIMultidatePickerUITests;
			productName = SwiftUIMultidatePickerUITests;
			productReference = 6B96BCF028566CBF00C8C72A /* SwiftUIMultidatePickerUITests.xctest */;
			productType = "com.apple.product-type.bundle.ui-testing";
		};
/* End PBXNativeTarget section */

/* Begin PBXProject section */
		6B96BCCD28566CBE00C8C72A /* Project object */ = {
			isa = PBXProject;
			attributes = {
				BuildIndependentTargetsInParallel = 1;
				LastSwiftUpdateCheck = 1400;
				LastUpgradeCheck = 1400;
				TargetAttributes = {
					6B96BCD428566CBE00C8C72A = {
						CreatedOnToolsVersion = 14.0;
					};
					6B96BCE528566CBF00C8C72A = {
						CreatedOnToolsVersion = 14.0;
						TestTargetID = 6B96BCD428566CBE00C8C72A;
					};
					6B96BCEF28566CBF00C8C72A = {
						CreatedOnToolsVersion = 14.0;
						TestTargetID = 6B96BCD428566CBE00C8C72A;
					};
				};
			};
			buildConfigurationList = 6B96BCD028566CBE00C8C72A /* Build configuration list for PBXProject "SwiftUIMultidatePicker" */;
			compatibilityVersion = "Xcode 14.0";
			developmentRegion = en;
			hasScannedForEncodings = 0;
			knownRegions = (
				en,
				Base,
			);
			mainGroup = 6B96BCCC28566CBE00C8C72A;
			productRefGroup = 6B96BCD628566CBE00C8C72A /* Products */;
			projectDirPath = "";
			projectRoot = "";
			targets = (
				6B96BCD428566CBE00C8C72A /* SwiftUIMultidatePicker */,
				6B96BCE528566CBF00C8C72A /* SwiftUIMultidatePickerTests */,
				6B96BCEF28566CBF00C8C72A /* SwiftUIMultidatePickerUITests */,
			);
		};
/* End PBXProject section */

/* Begin PBXResourcesBuildPhase section */
		6B96BCD328566CBE00C8C72A /* Resources */ = {
			isa = PBXResourcesBuildPhase;
			buildActionMask = 2147483647;
			files = (
				6B96BCE128566CBF00C8C72A /* Preview Assets.xcassets in Resources */,
				6B96BCDD28566CBF00C8C72A /* Assets.xcassets in Resources */,
			);
			runOnlyForDeploymentPostprocessing = 0;
		};
		6B96BCE428566CBF00C8C72A /* Resources */ = {
			isa = PBXResourcesBuildPhase;
			buildActionMask = 2147483647;
			files = (
			);
			runOnlyForDeploymentPostprocessing = 0;
		};
		6B96BCEE28566CBF00C8C72A /* Resources */ = {
			isa = PBXResourcesBuildPhase;
			buildActionMask = 2147483647;
			files = (
			);
			runOnlyForDeploymentPostprocessing = 0;
		};
/* End PBXResourcesBuildPhase section */

/* Begin PBXSourcesBuildPhase section */
		6B96BCD128566CBE00C8C72A /* Sources */ = {
			isa = PBXSourcesBuildPhase;
			buildActionMask = 2147483647;
			files = (
				6B96BCDB28566CBE00C8C72A /* ContentView.swift in Sources */,
				6B96BCD928566CBE00C8C72A /* SwiftUIMultidatePickerApp.swift in Sources */,
			);
			runOnlyForDeploymentPostprocessing = 0;
		};
		6B96BCE228566CBF00C8C72A /* Sources */ = {
			isa = PBXSourcesBuildPhase;
			buildActionMask = 2147483647;
			files = (
				6B96BCEB28566CBF00C8C72A /* SwiftUIMultidatePickerTests.swift in Sources */,
			);
			runOnlyForDeploymentPostprocessing = 0;
		};
		6B96BCEC28566CBF00C8C72A /* Sources */ = {
			isa = PBXSourcesBuildPhase;
			buildActionMask = 2147483647;
			files = (
				6B96BCF728566CBF00C8C72A /* SwiftUIMultidatePickerUITestsLaunchTests.swift in Sources */,
				6B96BCF528566CBF00C8C72A /* SwiftUIMultidatePickerUITests.swift in Sources */,
			);
			runOnlyForDeploymentPostprocessing = 0;
		};
/* End PBXSourcesBuildPhase section */

/* Begin PBXTargetDependency section */
		6B96BCE828566CBF00C8C72A /* PBXTargetDependency */ = {
			isa = PBXTargetDependency;
			target = 6B96BCD428566CBE00C8C72A /* SwiftUIMultidatePicker */;
			targetProxy = 6B96BCE728566CBF00C8C72A /* PBXContainerItemProxy */;
		};
		6B96BCF228566CBF00C8C72A /* PBXTargetDependency */ = {
			isa = PBXTargetDependency;
			target = 6B96BCD428566CBE00C8C72A /* SwiftUIMultidatePicker */;
			targetProxy = 6B96BCF128566CBF00C8C72A /* PBXContainerItemProxy */;
		};
/* End PBXTargetDependency section */

/* Begin XCBuildConfiguration section */
		6B96BCF828566CBF00C8C72A /* Debug */ = {
			isa = XCBuildConfiguration;
			buildSettings = {
				ALWAYS_SEARCH_USER_PATHS = NO;
				CLANG_ANALYZER_NONNULL = YES;
				CLANG_ANALYZER_NUMBER_OBJECT_CONVERSION = YES_AGGRESSIVE;
				CLANG_CXX_LANGUAGE_STANDARD = "gnu++17";
				CLANG_ENABLE_MODULES = YES;
				CLANG_ENABLE_OBJC_ARC = YES;
				CLANG_ENABLE_OBJC_WEAK = YES;
				CLANG_WARN_BLOCK_CAPTURE_AUTORELEASING = YES;
				CLANG_WARN_BOOL_CONVERSION = YES;
				CLANG_WARN_COMMA = YES;
				CLANG_WARN_CONSTANT_CONVERSION = YES;
				CLANG_WARN_DEPRECATED_OBJC_IMPLEMENTATIONS = YES;
				CLANG_WARN_DIRECT_OBJC_ISA_USAGE = YES_ERROR;
				CLANG_WARN_DOCUMENTATION_COMMENTS = YES;
				CLANG_WARN_EMPTY_BODY = YES;
				CLANG_WARN_ENUM_CONVERSION = YES;
				CLANG_WARN_INFINITE_RECURSION = YES;
				CLANG_WARN_INT_CONVERSION = YES;
				CLANG_WARN_NON_LITERAL_NULL_CONVERSION = YES;
				CLANG_WARN_OBJC_IMPLICIT_RETAIN_SELF = YES;
				CLANG_WARN_OBJC_LITERAL_CONVERSION = YES;
				CLANG_WARN_OBJC_ROOT_CLASS = YES_ERROR;
				CLANG_WARN_QUOTED_INCLUDE_IN_FRAMEWORK_HEADER = YES;
				CLANG_WARN_RANGE_LOOP_ANALYSIS = YES;
				CLANG_WARN_STRICT_PROTOTYPES = YES;
				CLANG_WARN_SUSPICIOUS_MOVE = YES;
				CLANG_WARN_UNGUARDED_AVAILABILITY = YES_AGGRESSIVE;
				CLANG_WARN_UNREACHABLE_CODE = YES;
				CLANG_WARN__DUPLICATE_METHOD_MATCH = YES;
				COPY_PHASE_STRIP = NO;
				DEBUG_INFORMATION_FORMAT = dwarf;
				ENABLE_STRICT_OBJC_MSGSEND = YES;
				ENABLE_TESTABILITY = YES;
				GCC_C_LANGUAGE_STANDARD = gnu11;
				GCC_DYNAMIC_NO_PIC = NO;
				GCC_NO_COMMON_BLOCKS = YES;
				GCC_OPTIMIZATION_LEVEL = 0;
				GCC_PREPROCESSOR_DEFINITIONS = (
					"DEBUG=1",
					"$(inherited)",
				);
				GCC_WARN_64_TO_32_BIT_CONVERSION = YES;
				GCC_WARN_ABOUT_RETURN_TYPE = YES_ERROR;
				GCC_WARN_UNDECLARED_SELECTOR = YES;
				GCC_WARN_UNINITIALIZED_AUTOS = YES_AGGRESSIVE;
				GCC_WARN_UNUSED_FUNCTION = YES;
				GCC_WARN_UNUSED_VARIABLE = YES;
				MTL_ENABLE_DEBUG_INFO = INCLUDE_SOURCE;
				MTL_FAST_MATH = YES;
				ONLY_ACTIVE_ARCH = YES;
				SWIFT_ACTIVE_COMPILATION_CONDITIONS = DEBUG;
				SWIFT_OPTIMIZATION_LEVEL = "-Onone";
			};
			name = Debug;
		};
		6B96BCF928566CBF00C8C72A /* Release */ = {
			isa = XCBuildConfiguration;
			buildSettings = {
				ALWAYS_SEARCH_USER_PATHS = NO;
				CLANG_ANALYZER_NONNULL = YES;
				CLANG_ANALYZER_NUMBER_OBJECT_CONVERSION = YES_AGGRESSIVE;
				CLANG_CXX_LANGUAGE_STANDARD = "gnu++17";
				CLANG_ENABLE_MODULES = YES;
				CLANG_ENABLE_OBJC_ARC = YES;
				CLANG_ENABLE_OBJC_WEAK = YES;
				CLANG_WARN_BLOCK_CAPTURE_AUTORELEASING = YES;
				CLANG_WARN_BOOL_CONVERSION = YES;
				CLANG_WARN_COMMA = YES;
				CLANG_WARN_CONSTANT_CONVERSION = YES;
				CLANG_WARN_DEPRECATED_OBJC_IMPLEMENTATIONS = YES;
				CLANG_WARN_DIRECT_OBJC_ISA_USAGE = YES_ERROR;
				CLANG_WARN_DOCUMENTATION_COMMENTS = YES;
				CLANG_WARN_EMPTY_BODY = YES;
				CLANG_WARN_ENUM_CONVERSION = YES;
				CLANG_WARN_INFINITE_RECURSION = YES;
				CLANG_WARN_INT_CONVERSION = YES;
				CLANG_WARN_NON_LITERAL_NULL_CONVERSION = YES;
				CLANG_WARN_OBJC_IMPLICIT_RETAIN_SELF = YES;
				CLANG_WARN_OBJC_LITERAL_CONVERSION = YES;
				CLANG_WARN_OBJC_ROOT_CLASS = YES_ERROR;
				CLANG_WARN_QUOTED_INCLUDE_IN_FRAMEWORK_HEADER = YES;
				CLANG_WARN_RANGE_LOOP_ANALYSIS = YES;
				CLANG_WARN_STRICT_PROTOTYPES = YES;
				CLANG_WARN_SUSPICIOUS_MOVE = YES;
				CLANG_WARN_UNGUARDED_AVAILABILITY = YES_AGGRESSIVE;
				CLANG_WARN_UNREACHABLE_CODE = YES;
				CLANG_WARN__DUPLICATE_METHOD_MATCH = YES;
				COPY_PHASE_STRIP = NO;
				DEBUG_INFORMATION_FORMAT = "dwarf-with-dsym";
				ENABLE_NS_ASSERTIONS = NO;
				ENABLE_STRICT_OBJC_MSGSEND = YES;
				GCC_C_LANGUAGE_STANDARD = gnu11;
				GCC_NO_COMMON_BLOCKS = YES;
				GCC_WARN_64_TO_32_BIT_CONVERSION = YES;
				GCC_WARN_ABOUT_RETURN_TYPE = YES_ERROR;
				GCC_WARN_UNDECLARED_SELECTOR = YES;
				GCC_WARN_UNINITIALIZED_AUTOS = YES_AGGRESSIVE;
				GCC_WARN_UNUSED_FUNCTION = YES;
				GCC_WARN_UNUSED_VARIABLE = YES;
				MTL_ENABLE_DEBUG_INFO = NO;
				MTL_FAST_MATH = YES;
				SWIFT_COMPILATION_MODE = wholemodule;
				SWIFT_OPTIMIZATION_LEVEL = "-O";
			};
			name = Release;
		};
		6B96BCFB28566CBF00C8C72A /* Debug */ = {
			isa = XCBuildConfiguration;
			buildSettings = {
				ASSETCATALOG_COMPILER_APPICON_NAME = AppIcon;
				ASSETCATALOG_COMPILER_GLOBAL_ACCENT_COLOR_NAME = AccentColor;
				CODE_SIGN_ENTITLEMENTS = SwiftUIMultidatePicker/SwiftUIMultidatePicker.entitlements;
				CODE_SIGN_STYLE = Automatic;
				CURRENT_PROJECT_VERSION = 1;
				DEVELOPMENT_ASSET_PATHS = "\"SwiftUIMultidatePicker/Preview Content\"";
				DEVELOPMENT_TEAM = Y3LJXLJ9JS;
				ENABLE_HARDENED_RUNTIME = YES;
				ENABLE_PREVIEWS = YES;
				GENERATE_INFOPLIST_FILE = YES;
				"INFOPLIST_KEY_UILaunchScreen_Generation[sdk=iphoneos*]" = YES;
				"INFOPLIST_KEY_UILaunchScreen_Generation[sdk=iphonesimulator*]" = YES;
				INFOPLIST_KEY_UISupportedInterfaceOrientations_iPad = "UIInterfaceOrientationPortrait UIInterfaceOrientationPortraitUpsideDown UIInterfaceOrientationLandscapeLeft UIInterfaceOrientationLandscapeRight";
				INFOPLIST_KEY_UISupportedInterfaceOrientations_iPhone = "UIInterfaceOrientationPortrait UIInterfaceOrientationLandscapeLeft UIInterfaceOrientationLandscapeRight";
				IPHONEOS_DEPLOYMENT_TARGET = 16.0;
				LD_RUNPATH_SEARCH_PATHS = "@executable_path/Frameworks";
				"LD_RUNPATH_SEARCH_PATHS[sdk=macosx*]" = "@executable_path/../Frameworks";
				MACOSX_DEPLOYMENT_TARGET = 13.0;
				MARKETING_VERSION = 1.0;
				PRODUCT_BUNDLE_IDENTIFIER = com.positronicman.SwiftUIMultidatePicker;
				PRODUCT_NAME = "$(TARGET_NAME)";
				SDKROOT = auto;
				SUPPORTED_PLATFORMS = "iphoneos iphonesimulator macosx";
				SWIFT_EMIT_LOC_STRINGS = YES;
				SWIFT_VERSION = 5.0;
				TARGETED_DEVICE_FAMILY = "1,2";
			};
			name = Debug;
		};
		6B96BCFC28566CBF00C8C72A /* Release */ = {
			isa = XCBuildConfiguration;
			buildSettings = {
				ASSETCATALOG_COMPILER_APPICON_NAME = AppIcon;
				ASSETCATALOG_COMPILER_GLOBAL_ACCENT_COLOR_NAME = AccentColor;
				CODE_SIGN_ENTITLEMENTS = SwiftUIMultidatePicker/SwiftUIMultidatePicker.entitlements;
				CODE_SIGN_STYLE = Automatic;
				CURRENT_PROJECT_VERSION = 1;
				DEVELOPMENT_ASSET_PATHS = "\"SwiftUIMultidatePicker/Preview Content\"";
				DEVELOPMENT_TEAM = Y3LJXLJ9JS;
				ENABLE_HARDENED_RUNTIME = YES;
				ENABLE_PREVIEWS = YES;
				GENERATE_INFOPLIST_FILE = YES;
				"INFOPLIST_KEY_UILaunchScreen_Generation[sdk=iphoneos*]" = YES;
				"INFOPLIST_KEY_UILaunchScreen_Generation[sdk=iphonesimulator*]" = YES;
				INFOPLIST_KEY_UISupportedInterfaceOrientations_iPad = "UIInterfaceOrientationPortrait UIInterfaceOrientationPortraitUpsideDown UIInterfaceOrientationLandscapeLeft UIInterfaceOrientationLandscapeRight";
				INFOPLIST_KEY_UISupportedInterfaceOrientations_iPhone = "UIInterfaceOrientationPortrait UIInterfaceOrientationLandscapeLeft UIInterfaceOrientationLandscapeRight";
				IPHONEOS_DEPLOYMENT_TARGET = 16.0;
				LD_RUNPATH_SEARCH_PATHS = "@executable_path/Frameworks";
				"LD_RUNPATH_SEARCH_PATHS[sdk=macosx*]" = "@executable_path/../Frameworks";
				MACOSX_DEPLOYMENT_TARGET = 13.0;
				MARKETING_VERSION = 1.0;
				PRODUCT_BUNDLE_IDENTIFIER = com.positronicman.SwiftUIMultidatePicker;
				PRODUCT_NAME = "$(TARGET_NAME)";
				SDKROOT = auto;
				SUPPORTED_PLATFORMS = "iphoneos iphonesimulator macosx";
				SWIFT_EMIT_LOC_STRINGS = YES;
				SWIFT_VERSION = 5.0;
				TARGETED_DEVICE_FAMILY = "1,2";
			};
			name = Release;
		};
		6B96BCFE28566CBF00C8C72A /* Debug */ = {
			isa = XCBuildConfiguration;
			buildSettings = {
				ALWAYS_EMBED_SWIFT_STANDARD_LIBRARIES = YES;
				BUNDLE_LOADER = "$(TEST_HOST)";
				CODE_SIGN_STYLE = Automatic;
				CURRENT_PROJECT_VERSION = 1;
				DEVELOPMENT_TEAM = Y3LJXLJ9JS;
				GENERATE_INFOPLIST_FILE = YES;
				IPHONEOS_DEPLOYMENT_TARGET = 16.0;
				MACOSX_DEPLOYMENT_TARGET = 13.0;
				MARKETING_VERSION = 1.0;
				PRODUCT_BUNDLE_IDENTIFIER = com.positronicman.SwiftUIMultidatePickerTests;
				PRODUCT_NAME = "$(TARGET_NAME)";
				SDKROOT = auto;
				SUPPORTED_PLATFORMS = "iphoneos iphonesimulator macosx";
				SWIFT_EMIT_LOC_STRINGS = NO;
				SWIFT_VERSION = 5.0;
				TARGETED_DEVICE_FAMILY = "1,2";
				TEST_HOST = "$(BUILT_PRODUCTS_DIR)/SwiftUIMultidatePicker.app/$(BUNDLE_EXECUTABLE_FOLDER_PATH)/SwiftUIMultidatePicker";
			};
			name = Debug;
		};
		6B96BCFF28566CBF00C8C72A /* Release */ = {
			isa = XCBuildConfiguration;
			buildSettings = {
				ALWAYS_EMBED_SWIFT_STANDARD_LIBRARIES = YES;
				BUNDLE_LOADER = "$(TEST_HOST)";
				CODE_SIGN_STYLE = Automatic;
				CURRENT_PROJECT_VERSION = 1;
				DEVELOPMENT_TEAM = Y3LJXLJ9JS;
				GENERATE_INFOPLIST_FILE = YES;
				IPHONEOS_DEPLOYMENT_TARGET = 16.0;
				MACOSX_DEPLOYMENT_TARGET = 13.0;
				MARKETING_VERSION = 1.0;
				PRODUCT_BUNDLE_IDENTIFIER = com.positronicman.SwiftUIMultidatePickerTests;
				PRODUCT_NAME = "$(TARGET_NAME)";
				SDKROOT = auto;
				SUPPORTED_PLATFORMS = "iphoneos iphonesimulator macosx";
				SWIFT_EMIT_LOC_STRINGS = NO;
				SWIFT_VERSION = 5.0;
				TARGETED_DEVICE_FAMILY = "1,2";
				TEST_HOST = "$(BUILT_PRODUCTS_DIR)/SwiftUIMultidatePicker.app/$(BUNDLE_EXECUTABLE_FOLDER_PATH)/SwiftUIMultidatePicker";
			};
			name = Release;
		};
		6B96BD0128566CBF00C8C72A /* Debug */ = {
			isa = XCBuildConfiguration;
			buildSettings = {
				ALWAYS_EMBED_SWIFT_STANDARD_LIBRARIES = YES;
				CODE_SIGN_STYLE = Automatic;
				CURRENT_PROJECT_VERSION = 1;
				DEVELOPMENT_TEAM = Y3LJXLJ9JS;
				GENERATE_INFOPLIST_FILE = YES;
				IPHONEOS_DEPLOYMENT_TARGET = 16.0;
				MACOSX_DEPLOYMENT_TARGET = 13.0;
				MARKETING_VERSION = 1.0;
				PRODUCT_BUNDLE_IDENTIFIER = com.positronicman.SwiftUIMultidatePickerUITests;
				PRODUCT_NAME = "$(TARGET_NAME)";
				SDKROOT = auto;
				SUPPORTED_PLATFORMS = "iphoneos iphonesimulator macosx";
				SWIFT_EMIT_LOC_STRINGS = NO;
				SWIFT_VERSION = 5.0;
				TARGETED_DEVICE_FAMILY = "1,2";
				TEST_TARGET_NAME = SwiftUIMultidatePicker;
			};
			name = Debug;
		};
		6B96BD0228566CBF00C8C72A /* Release */ = {
			isa = XCBuildConfiguration;
			buildSettings = {
				ALWAYS_EMBED_SWIFT_STANDARD_LIBRARIES = YES;
				CODE_SIGN_STYLE = Automatic;
				CURRENT_PROJECT_VERSION = 1;
				DEVELOPMENT_TEAM = Y3LJXLJ9JS;
				GENERATE_INFOPLIST_FILE = YES;
				IPHONEOS_DEPLOYMENT_TARGET = 16.0;
				MACOSX_DEPLOYMENT_TARGET = 13.0;
				MARKETING_VERSION = 1.0;
				PRODUCT_BUNDLE_IDENTIFIER = com.positronicman.SwiftUIMultidatePickerUITests;
				PRODUCT_NAME = "$(TARGET_NAME)";
				SDKROOT = auto;
				SUPPORTED_PLATFORMS = "iphoneos iphonesimulator macosx";
				SWIFT_EMIT_LOC_STRINGS = NO;
				SWIFT_VERSION = 5.0;
				TARGETED_DEVICE_FAMILY = "1,2";
				TEST_TARGET_NAME = SwiftUIMultidatePicker;
			};
			name = Release;
		};
/* End XCBuildConfiguration section */

/* Begin XCConfigurationList section */
		6B96BCD028566CBE00C8C72A /* Build configuration list for PBXProject "SwiftUIMultidatePicker" */ = {
			isa = XCConfigurationList;
			buildConfigurations = (
				6B96BCF828566CBF00C8C72A /* Debug */,
				6B96BCF928566CBF00C8C72A /* Release */,
			);
			defaultConfigurationIsVisible = 0;
			defaultConfigurationName = Release;
		};
		6B96BCFA28566CBF00C8C72A /* Build configuration list for PBXNativeTarget "SwiftUIMultidatePicker" */ = {
			isa = XCConfigurationList;
			buildConfigurations = (
				6B96BCFB28566CBF00C8C72A /* Debug */,
				6B96BCFC28566CBF00C8C72A /* Release */,
			);
			defaultConfigurationIsVisible = 0;
			defaultConfigurationName = Release;
		};
		6B96BCFD28566CBF00C8C72A /* Build configuration list for PBXNativeTarget "SwiftUIMultidatePickerTests" */ = {
			isa = XCConfigurationList;
			buildConfigurations = (
				6B96BCFE28566CBF00C8C72A /* Debug */,
				6B96BCFF28566CBF00C8C72A /* Release */,
			);
			defaultConfigurationIsVisible = 0;
			defaultConfigurationName = Release;
		};
		6B96BD0028566CBF00C8C72A /* Build configuration list for PBXNativeTarget "SwiftUIMultidatePickerUITests" */ = {
			isa = XCConfigurationList;
			buildConfigurations = (
				6B96BD0128566CBF00C8C72A /* Debug */,
				6B96BD0228566CBF00C8C72A /* Release */,
			);
			defaultConfigurationIsVisible = 0;
			defaultConfigurationName = Release;
		};
/* End XCConfigurationList section */
	};
	rootObject = 6B96BCCD28566CBE00C8C72A /* Project object */;
}
